{
  "version": 4,
  "terraform_version": "1.14.6",
  "serial": 11,
  "lineage": "77774587-0c21-2a26-aedb-0714a133b3cb",
  "outputs": {
    "health_check": {
      "value": "https://www.googleapis.com/compute/v1/projects/flooid-488720/global/healthChecks/tomcat-mig-hc",
      "type": "string"
    },
    "instance_group": {
      "value": "https://www.googleapis.com/compute/v1/projects/flooid-488720/regions/us-central1/instanceGroups/tomcat-mig-mig",
      "type": "string"
    },
    "lb_ip": {
      "value": "34.149.154.37",
      "type": "string"
    },
    "mig_name": {
      "value": "tomcat-mig-mig",
      "type": "string"
    },
    "mig_self_link": {
      "value": "https://www.googleapis.com/compute/v1/projects/flooid-488720/regions/us-central1/instanceGroupManagers/tomcat-mig-mig",
      "type": "string"
    },
    "tomcat_tag": {
      "value": "tomcat-mig-tomcat",
      "type": "string"
    }
  },
  "resources": [
    {
      "mode": "data",
      "type": "google_compute_network",
      "name": "vpc",
      "provider": "provider[\"registry.terraform.io/hashicorp/google\"]",
      "instances": [
        {
          "schema_version": 0,
          "attributes": {
            "description": "Default network for the project",
            "gateway_ipv4": "",
            "id": "projects/flooid-488720/global/networks/default",
            "internal_ipv6_range": "",
            "name": "default",
            "project": null,
            "self_link": "https://www.googleapis.com/compute/v1/projects/flooid-488720/global/networks/default",
            "subnetworks_self_links": [
              "https://www.googleapis.com/compute/v1/projects/flooid-488720/regions/europe-west2/subnetworks/default",
              "https://www.googleapis.com/compute/v1/projects/flooid-488720/regions/asia-south2/subnetworks/default",
              "https://www.googleapis.com/compute/v1/projects/flooid-488720/regions/asia-northeast1/subnetworks/default",
              "https://www.googleapis.com/compute/v1/projects/flooid-488720/regions/asia-east2/subnetworks/default",
              "https://www.googleapis.com/compute/v1/projects/flooid-488720/regions/europe-west9/subnetworks/default",
              "https://www.googleapis.com/compute/v1/projects/flooid-488720/regions/europe-west8/subnetworks/default",
              "https://www.googleapis.com/compute/v1/projects/flooid-488720/regions/australia-southeast2/subnetworks/default",
              "https://www.googleapis.com/compute/v1/projects/flooid-488720/regions/europe-west6/subnetworks/default",
              "https://www.googleapis.com/compute/v1/projects/flooid-488720/regions/us-east5/subnetworks/default",
              "https://www.googleapis.com/compute/v1/projects/flooid-488720/regions/africa-south1/subnetworks/default",
              "https://www.googleapis.com/compute/v1/projects/flooid-488720/regions/northamerica-northeast2/subnetworks/default",
              "https://www.googleapis.com/compute/v1/projects/flooid-488720/regions/asia-east1/subnetworks/default",
              "https://www.googleapis.com/compute/v1/projects/flooid-488720/regions/europe-southwest1/subnetworks/default",
              "https://www.googleapis.com/compute/v1/projects/flooid-488720/regions/europe-west3/subnetworks/default",
              "https://www.googleapis.com/compute/v1/projects/flooid-488720/regions/us-west4/subnetworks/default",
              "https://www.googleapis.com/compute/v1/projects/flooid-488720/regions/me-west1/subnetworks/default",
              "https://www.googleapis.com/compute/v1/projects/flooid-488720/regions/southamerica-west1/subnetworks/default",
              "https://www.googleapis.com/compute/v1/projects/flooid-488720/regions/us-central1/subnetworks/default",
              "https://www.googleapis.com/compute/v1/projects/flooid-488720/regions/southamerica-east1/subnetworks/default",
              "https://www.googleapis.com/compute/v1/projects/flooid-488720/regions/us-east1/subnetworks/default",
              "https://www.googleapis.com/compute/v1/projects/flooid-488720/regions/asia-southeast1/subnetworks/default",
              "https://www.googleapis.com/compute/v1/projects/flooid-488720/regions/northamerica-south1/subnetworks/default",
              "https://www.googleapis.com/compute/v1/projects/flooid-488720/regions/asia-northeast2/subnetworks/default",
              "https://www.googleapis.com/compute/v1/projects/flooid-488720/regions/asia-southeast3/subnetworks/default",
              "https://www.googleapis.com/compute/v1/projects/flooid-488720/regions/northamerica-northeast1/subnetworks/default",
              "https://www.googleapis.com/compute/v1/projects/flooid-488720/regions/europe-west12/subnetworks/default",
              "https://www.googleapis.com/compute/v1/projects/flooid-488720/regions/us-south1/subnetworks/default",
              "https://www.googleapis.com/compute/v1/projects/flooid-488720/regions/us-west1/subnetworks/default",
              "https://www.googleapis.com/compute/v1/projects/flooid-488720/regions/europe-west10/subnetworks/default",
              "https://www.googleapis.com/compute/v1/projects/flooid-488720/regions/europe-central2/subnetworks/default",
              "https://www.googleapis.com/compute/v1/projects/flooid-488720/regions/us-west2/subnetworks/default",
              "https://www.googleapis.com/compute/v1/projects/flooid-488720/regions/europe-west1/subnetworks/default",
              "https://www.googleapis.com/compute/v1/projects/flooid-488720/regions/us-west3/subnetworks/default",
              "https://www.googleapis.com/compute/v1/projects/flooid-488720/regions/asia-northeast3/subnetworks/default",
              "https://www.googleapis.com/compute/v1/projects/flooid-488720/regions/europe-west4/subnetworks/default",
              "https://www.googleapis.com/compute/v1/projects/flooid-488720/regions/asia-southeast2/subnetworks/default",
              "https://www.googleapis.com/compute/v1/projects/flooid-488720/regions/me-central1/subnetworks/default",
              "https://www.googleapis.com/compute/v1/projects/flooid-488720/regions/australia-southeast1/subnetworks/default",
              "https://www.googleapis.com/compute/v1/projects/flooid-488720/regions/us-east4/subnetworks/default",
              "https://www.googleapis.com/compute/v1/projects/flooid-488720/regions/europe-north2/subnetworks/default",
              "https://www.googleapis.com/compute/v1/projects/flooid-488720/regions/europe-north1/subnetworks/default",
              "https://www.googleapis.com/compute/v1/projects/flooid-488720/regions/asia-south1/subnetworks/default"
            ]
          },
          "sensitive_attributes": [],
          "identity_schema_version": 0
        }
      ]
    },
    {
      "mode": "data",
      "type": "google_compute_subnetwork",
      "name": "subnet",
      "provider": "provider[\"registry.terraform.io/hashicorp/google\"]",
      "instances": [
        {
          "schema_version": 0,
          "attributes": {
            "description": "",
            "gateway_address": "10.128.0.1",
            "id": "projects/flooid-488720/regions/us-central1/subnetworks/default",
            "internal_ipv6_prefix": "",
            "ip_cidr_range": "10.128.0.0/20",
            "name": "default",
            "network": "https://www.googleapis.com/compute/v1/projects/flooid-488720/global/networks/default",
            "private_ip_google_access": false,
            "project": "flooid-488720",
            "region": "us-central1",
            "secondary_ip_range": [],
            "self_link": "https://www.googleapis.com/compute/v1/projects/flooid-488720/regions/us-central1/subnetworks/default"
          },
          "sensitive_attributes": [],
          "identity_schema_version": 0
        }
      ]
    },
    {
      "mode": "managed",
      "type": "google_compute_backend_service",
      "name": "tomcat_backend",
      "provider": "provider[\"registry.terraform.io/hashicorp/google\"]",
      "instances": [
        {
          "schema_version": 1,
          "attributes": {
            "affinity_cookie_ttl_sec": 0,
            "backend": [
              {
                "balancing_mode": "UTILIZATION",
                "capacity_scaler": 1,
                "description": "",
                "group": "https://www.googleapis.com/compute/v1/projects/flooid-488720/regions/us-central1/instanceGroups/tomcat-mig-mig",
                "max_connections": 0,
                "max_connections_per_endpoint": 0,
                "max_connections_per_instance": 0,
                "max_rate": 0,
                "max_rate_per_endpoint": 0,
                "max_rate_per_instance": 0,
                "max_utilization": 0
              }
            ],
            "cdn_policy": [],
            "circuit_breakers": [],
            "compression_mode": "",
            "connection_draining_timeout_sec": 300,
            "consistent_hash": [],
            "creation_timestamp": "2026-02-28T10:48:21.410-08:00",
            "custom_request_headers": null,
            "custom_response_headers": null,
            "description": "",
            "edge_security_policy": "",
            "enable_cdn": false,
            "fingerprint": "e1dzUe9NAdU=",
            "generated_id": 6994329883552679578,
            "health_checks": [
              "https://www.googleapis.com/compute/v1/projects/flooid-488720/global/healthChecks/tomcat-mig-lb-hc-on"
            ],
            "iap": [],
            "id": "projects/flooid-488720/global/backendServices/tomcat-mig-backend",
            "load_balancing_scheme": "EXTERNAL",
            "locality_lb_policies": [],
            "locality_lb_policy": "",
            "log_config": [],
            "name": "tomcat-mig-backend",
            "outlier_detection": [],
            "port_name": "http",
            "project": "flooid-488720",
            "protocol": "HTTP",
            "security_policy": "",
            "security_settings": [],
            "self_link": "https://www.googleapis.com/compute/v1/projects/flooid-488720/global/backendServices/tomcat-mig-backend",
            "service_lb_policy": "",
            "session_affinity": "NONE",
            "timeout_sec": 30,
            "timeouts": null
          },
          "sensitive_attributes": [],
          "identity_schema_version": 0,
          "private": "eyJlMmJmYjczMC1lY2FhLTExZTYtOGY4OC0zNDM2M2JjN2M0YzAiOnsiY3JlYXRlIjoxMjAwMDAwMDAwMDAwLCJkZWxldGUiOjEyMDAwMDAwMDAwMDAsInVwZGF0ZSI6MTIwMDAwMDAwMDAwMH0sInNjaGVtYV92ZXJzaW9uIjoiMSJ9",
          "dependencies": [
            "data.google_compute_network.vpc",
            "data.google_compute_subnetwork.subnet",
            "google_compute_health_check.lb_hc_on",
            "module.mig.google_compute_health_check.http",
            "module.mig.google_compute_instance_template.tpl",
            "module.mig.google_compute_region_instance_group_manager.mig"
          ]
        }
      ]
    },
    {
      "mode": "managed",
      "type": "google_compute_global_forwarding_rule",
      "name": "tomcat_fwd",
      "provider": "provider[\"registry.terraform.io/hashicorp/google\"]",
      "instances": [
        {
          "schema_version": 0,
          "attributes": {
            "base_forwarding_rule": "",
            "description": "",
            "effective_labels": {},
            "id": "projects/flooid-488720/global/forwardingRules/tomcat-mig-http-fr",
            "ip_address": "34.149.154.37",
            "ip_protocol": "TCP",
            "ip_version": "",
            "label_fingerprint": "42WmSpB8rSM=",
            "labels": null,
            "load_balancing_scheme": "EXTERNAL",
            "metadata_filters": [],
            "name": "tomcat-mig-http-fr",
            "network": "",
            "no_automate_dns_zone": null,
            "port_range": "80-80",
            "project": "flooid-488720",
            "psc_connection_id": "",
            "psc_connection_status": "",
            "self_link": "https://www.googleapis.com/compute/v1/projects/flooid-488720/global/forwardingRules/tomcat-mig-http-fr",
            "service_directory_registrations": [],
            "source_ip_ranges": null,
            "subnetwork": "",
            "target": "https://www.googleapis.com/compute/v1/projects/flooid-488720/global/targetHttpProxies/tomcat-mig-http-proxy",
            "terraform_labels": {},
            "timeouts": null
          },
          "sensitive_attributes": [],
          "identity_schema_version": 0,
          "private": "eyJlMmJmYjczMC1lY2FhLTExZTYtOGY4OC0zNDM2M2JjN2M0YzAiOnsiY3JlYXRlIjoxMjAwMDAwMDAwMDAwLCJkZWxldGUiOjEyMDAwMDAwMDAwMDAsInVwZGF0ZSI6MTIwMDAwMDAwMDAwMH19",
          "dependencies": [
            "data.google_compute_network.vpc",
            "data.google_compute_subnetwork.subnet",
            "google_compute_backend_service.tomcat_backend",
            "google_compute_health_check.lb_hc_on",
            "google_compute_target_http_proxy.tomcat_proxy",
            "google_compute_url_map.tomcat_map",
            "module.mig.google_compute_health_check.http",
            "module.mig.google_compute_instance_template.tpl",
            "module.mig.google_compute_region_instance_group_manager.mig"
          ]
        }
      ]
    },
    {
      "mode": "managed",
      "type": "google_compute_health_check",
      "name": "lb_hc_on",
      "provider": "provider[\"registry.terraform.io/hashicorp/google\"]",
      "instances": [
        {
          "schema_version": 0,
          "attributes": {
            "check_interval_sec": 5,
            "creation_timestamp": "2026-02-28T10:47:07.689-08:00",
            "description": "",
            "grpc_health_check": [],
            "healthy_threshold": 2,
            "http2_health_check": [],
            "http_health_check": [
              {
                "host": "",
                "port": 8080,
                "port_name": "",
                "port_specification": "",
                "proxy_header": "NONE",
                "request_path": "/",
                "response": ""
              }
            ],
            "https_health_check": [],
            "id": "projects/flooid-488720/global/healthChecks/tomcat-mig-lb-hc-on",
            "log_config": [
              {
                "enable": false
              }
            ],
            "name": "tomcat-mig-lb-hc-on",
            "project": "flooid-488720",
            "self_link": "https://www.googleapis.com/compute/v1/projects/flooid-488720/global/healthChecks/tomcat-mig-lb-hc-on",
            "source_regions": null,
            "ssl_health_check": [],
            "tcp_health_check": [],
            "timeout_sec": 5,
            "timeouts": null,
            "type": "HTTP",
            "unhealthy_threshold": 2
          },
          "sensitive_attributes": [],
          "identity_schema_version": 0,
          "private": "eyJlMmJmYjczMC1lY2FhLTExZTYtOGY4OC0zNDM2M2JjN2M0YzAiOnsiY3JlYXRlIjoxMjAwMDAwMDAwMDAwLCJkZWxldGUiOjEyMDAwMDAwMDAwMDAsInVwZGF0ZSI6MTIwMDAwMDAwMDAwMH19"
        }
      ]
    },
    {
      "mode": "managed",
      "type": "google_compute_target_http_proxy",
      "name": "tomcat_proxy",
      "provider": "provider[\"registry.terraform.io/hashicorp/google\"]",
      "instances": [
        {
          "schema_version": 0,
          "attributes": {
            "creation_timestamp": "2026-02-28T10:49:23.609-08:00",
            "description": "",
            "http_keep_alive_timeout_sec": 0,
            "id": "projects/flooid-488720/global/targetHttpProxies/tomcat-mig-http-proxy",
            "name": "tomcat-mig-http-proxy",
            "project": "flooid-488720",
            "proxy_bind": false,
            "proxy_id": 2328182009069733468,
            "self_link": "https://www.googleapis.com/compute/v1/projects/flooid-488720/global/targetHttpProxies/tomcat-mig-http-proxy",
            "timeouts": null,
            "url_map": "https://www.googleapis.com/compute/v1/projects/flooid-488720/global/urlMaps/tomcat-mig-urlmap"
          },
          "sensitive_attributes": [],
          "identity_schema_version": 0,
          "private": "eyJlMmJmYjczMC1lY2FhLTExZTYtOGY4OC0zNDM2M2JjN2M0YzAiOnsiY3JlYXRlIjoxMjAwMDAwMDAwMDAwLCJkZWxldGUiOjEyMDAwMDAwMDAwMDAsInVwZGF0ZSI6MTIwMDAwMDAwMDAwMH19",
          "dependencies": [
            "data.google_compute_network.vpc",
            "data.google_compute_subnetwork.subnet",
            "google_compute_backend_service.tomcat_backend",
            "google_compute_health_check.lb_hc_on",
            "google_compute_url_map.tomcat_map",
            "module.mig.google_compute_health_check.http",
            "module.mig.google_compute_instance_template.tpl",
            "module.mig.google_compute_region_instance_group_manager.mig"
          ]
        }
      ]
    },
    {
      "mode": "managed",
      "type": "google_compute_url_map",
      "name": "tomcat_map",
      "provider": "provider[\"registry.terraform.io/hashicorp/google\"]",
      "instances": [
        {
          "schema_version": 0,
          "attributes": {
            "creation_timestamp": "2026-02-28T10:49:12.929-08:00",
            "default_route_action": [],
            "default_service": "https://www.googleapis.com/compute/v1/projects/flooid-488720/global/backendServices/tomcat-mig-backend",
            "default_url_redirect": [],
            "description": "",
            "fingerprint": "vhZO1eREpdA=",
            "header_action": [],
            "host_rule": [],
            "id": "projects/flooid-488720/global/urlMaps/tomcat-mig-urlmap",
            "map_id": 3642124972929746503,
            "name": "tomcat-mig-urlmap",
            "path_matcher": [],
            "project": "flooid-488720",
            "self_link": "https://www.googleapis.com/compute/v1/projects/flooid-488720/global/urlMaps/tomcat-mig-urlmap",
            "test": [],
            "timeouts": null
          },
          "sensitive_attributes": [],
          "identity_schema_version": 0,
          "private": "eyJlMmJmYjczMC1lY2FhLTExZTYtOGY4OC0zNDM2M2JjN2M0YzAiOnsiY3JlYXRlIjoxMjAwMDAwMDAwMDAwLCJkZWxldGUiOjEyMDAwMDAwMDAwMDAsInVwZGF0ZSI6MTIwMDAwMDAwMDAwMH19",
          "dependencies": [
            "data.google_compute_network.vpc",
            "data.google_compute_subnetwork.subnet",
            "google_compute_backend_service.tomcat_backend",
            "google_compute_health_check.lb_hc_on",
            "module.mig.google_compute_health_check.http",
            "module.mig.google_compute_instance_template.tpl",
            "module.mig.google_compute_region_instance_group_manager.mig"
          ]
        }
      ]
    },
    {
      "module": "module.mig",
      "mode": "managed",
      "type": "google_compute_firewall",
      "name": "allow_tomcat_8080",
      "provider": "provider[\"registry.terraform.io/hashicorp/google\"]",
      "instances": [
        {
          "schema_version": 1,
          "attributes": {
            "allow": [
              {
                "ports": [
                  "8080"
                ],
                "protocol": "tcp"
              }
            ],
            "creation_timestamp": "2026-02-28T10:47:07.703-08:00",
            "deny": [],
            "description": "",
            "destination_ranges": [],
            "direction": "INGRESS",
            "disabled": false,
            "enable_logging": null,
            "id": "projects/flooid-488720/global/firewalls/tomcat-mig-allow-8080",
            "log_config": [],
            "name": "tomcat-mig-allow-8080",
            "network": "https://www.googleapis.com/compute/v1/projects/flooid-488720/global/networks/default",
            "priority": 1000,
            "project": "flooid-488720",
            "self_link": "https://www.googleapis.com/compute/v1/projects/flooid-488720/global/firewalls/tomcat-mig-allow-8080",
            "source_ranges": [
              "130.211.0.0/22",
              "35.191.0.0/16"
            ],
            "source_service_accounts": null,
            "source_tags": null,
            "target_service_accounts": null,
            "target_tags": [
              "tomcat-mig-tomcat"
            ],
            "timeouts": null
          },
          "sensitive_attributes": [],
          "identity_schema_version": 0,
          "private": "eyJlMmJmYjczMC1lY2FhLTExZTYtOGY4OC0zNDM2M2JjN2M0YzAiOnsiY3JlYXRlIjoxMjAwMDAwMDAwMDAwLCJkZWxldGUiOjEyMDAwMDAwMDAwMDAsInVwZGF0ZSI6MTIwMDAwMDAwMDAwMH0sInNjaGVtYV92ZXJzaW9uIjoiMSJ9",
          "dependencies": [
            "data.google_compute_network.vpc"
          ]
        }
      ]
    },
    {
      "module": "module.mig",
      "mode": "managed",
      "type": "google_compute_health_check",
      "name": "http",
      "provider": "provider[\"registry.terraform.io/hashicorp/google\"]",
      "instances": [
        {
          "schema_version": 0,
          "attributes": {
            "check_interval_sec": 5,
            "creation_timestamp": "2026-02-28T10:47:07.910-08:00",
            "description": "",
            "grpc_health_check": [],
            "healthy_threshold": 2,
            "http2_health_check": [],
            "http_health_check": [
              {
                "host": "",
                "port": 8080,
                "port_name": "",
                "port_specification": "",
                "proxy_header": "NONE",
                "request_path": "/",
                "response": ""
              }
            ],
            "https_health_check": [],
            "id": "projects/flooid-488720/global/healthChecks/tomcat-mig-hc",
            "log_config": [
              {
                "enable": false
              }
            ],
            "name": "tomcat-mig-hc",
            "project": "flooid-488720",
            "self_link": "https://www.googleapis.com/compute/v1/projects/flooid-488720/global/healthChecks/tomcat-mig-hc",
            "source_regions": null,
            "ssl_health_check": [],
            "tcp_health_check": [],
            "timeout_sec": 5,
            "timeouts": null,
            "type": "HTTP",
            "unhealthy_threshold": 2
          },
          "sensitive_attributes": [],
          "identity_schema_version": 0,
          "private": "eyJlMmJmYjczMC1lY2FhLTExZTYtOGY4OC0zNDM2M2JjN2M0YzAiOnsiY3JlYXRlIjoxMjAwMDAwMDAwMDAwLCJkZWxldGUiOjEyMDAwMDAwMDAwMDAsInVwZGF0ZSI6MTIwMDAwMDAwMDAwMH19"
        }
      ]
    },
    {
      "module": "module.mig",
      "mode": "managed",
      "type": "google_compute_instance_template",
      "name": "tpl",
      "provider": "provider[\"registry.terraform.io/hashicorp/google\"]",
      "instances": [
        {
          "schema_version": 1,
          "attributes": {
            "advanced_machine_features": [],
            "can_ip_forward": false,
            "confidential_instance_config": null,
            "description": "",
            "disk": [
              {
                "auto_delete": true,
                "boot": true,
                "device_name": "persistent-disk-0",
                "disk_encryption_key": [],
                "disk_name": "",
                "disk_size_gb": 20,
                "disk_type": "pd-balanced",
                "interface": "SCSI",
                "labels": null,
                "mode": "READ_WRITE",
                "provisioned_iops": 0,
                "resource_manager_tags": null,
                "resource_policies": null,
                "source": "",
                "source_image": "projects/ubuntu-os-cloud/global/images/family/ubuntu-2204-lts",
                "source_image_encryption_key": [],
                "source_snapshot": "",
                "source_snapshot_encryption_key": [],
                "type": "PERSISTENT"
              }
            ],
            "effective_labels": {},
            "guest_accelerator": [],
            "id": "projects/flooid-488720/global/instanceTemplates/tomcat-mig-tpl-20260228184707520700000001",
            "instance_description": "",
            "labels": null,
            "machine_type": "e2-medium",
            "metadata": null,
            "metadata_fingerprint": "BHX_WCVDqL0=",
            "metadata_startup_script": "#!/bin/bash\necho \"booted\" \u003e /tmp/booted.txt\n",
            "min_cpu_platform": "",
            "name": "tomcat-mig-tpl-20260228184707520700000001",
            "name_prefix": "tomcat-mig-tpl-",
            "network_interface": [
              {
                "access_config": [
                  {
                    "nat_ip": "",
                    "network_tier": "PREMIUM",
                    "public_ptr_domain_name": ""
                  }
                ],
                "alias_ip_range": [],
                "internal_ipv6_prefix_length": 0,
                "ipv6_access_config": [],
                "ipv6_access_type": "",
                "ipv6_address": "",
                "name": "nic0",
                "network": "https://www.googleapis.com/compute/v1/projects/flooid-488720/global/networks/default",
                "network_ip": "",
                "nic_type": "",
                "queue_count": 0,
                "stack_type": "",
                "subnetwork": "https://www.googleapis.com/compute/v1/projects/flooid-488720/regions/us-central1/subnetworks/default",
                "subnetwork_project": "flooid-488720"
              }
            ],
            "network_performance_config": [],
            "project": "flooid-488720",
            "region": "us-central1",
            "reservation_affinity": [],
            "resource_manager_tags": null,
            "resource_policies": null,
            "scheduling": [
              {
                "automatic_restart": true,
                "instance_termination_action": "",
                "local_ssd_recovery_timeout": [],
                "max_run_duration": [],
                "min_node_cpus": 0,
                "node_affinities": [],
                "on_host_maintenance": "MIGRATE",
                "on_instance_stop_action": [],
                "preemptible": false,
                "provisioning_model": "STANDARD"
              }
            ],
            "self_link": "https://www.googleapis.com/compute/v1/projects/flooid-488720/global/instanceTemplates/tomcat-mig-tpl-20260228184707520700000001",
            "self_link_unique": "https://www.googleapis.com/compute/v1/projects/flooid-488720/global/instanceTemplates/tomcat-mig-tpl-20260228184707520700000001?uniqueId=1957798396128298692",
            "service_account": [],
            "shielded_instance_config": [],
            "tags": [
              "tomcat-mig-tomcat"
            ],
            "tags_fingerprint": "",
            "terraform_labels": {},
            "timeouts": null
          },
          "sensitive_attributes": [],
          "identity_schema_version": 0,
          "private": "eyJlMmJmYjczMC1lY2FhLTExZTYtOGY4OC0zNDM2M2JjN2M0YzAiOnsiY3JlYXRlIjoyNDAwMDAwMDAwMDAsImRlbGV0ZSI6MjQwMDAwMDAwMDAwfSwic2NoZW1hX3ZlcnNpb24iOiIxIn0=",
          "dependencies": [
            "data.google_compute_network.vpc",
            "data.google_compute_subnetwork.subnet"
          ]
        }
      ]
    },
    {
      "module": "module.mig",
      "mode": "managed",
      "type": "google_compute_region_autoscaler",
      "name": "as",
      "provider": "provider[\"registry.terraform.io/hashicorp/google\"]",
      "instances": [
        {
          "schema_version": 0,
          "attributes": {
            "autoscaling_policy": [
              {
                "cooldown_period": 60,
                "cpu_utilization": [
                  {
                    "predictive_method": "NONE",
                    "target": 0.6
                  }
                ],
                "load_balancing_utilization": [],
                "max_replicas": 2,
                "metric": [],
                "min_replicas": 1,
                "mode": "ON",
                "scale_in_control": [],
                "scaling_schedules": []
              }
            ],
            "creation_timestamp": "2026-02-28T10:48:21.246-08:00",
            "description": "",
            "id": "projects/flooid-488720/regions/us-central1/autoscalers/tomcat-mig-as",
            "name": "tomcat-mig-as",
            "project": "flooid-488720",
            "region": "us-central1",
            "self_link": "https://www.googleapis.com/compute/v1/projects/flooid-488720/regions/us-central1/autoscalers/tomcat-mig-as",
            "target": "https://www.googleapis.com/compute/v1/projects/flooid-488720/regions/us-central1/instanceGroupManagers/tomcat-mig-mig",
            "timeouts": null
          },
          "sensitive_attributes": [],
          "identity_schema_version": 0,
          "private": "eyJlMmJmYjczMC1lY2FhLTExZTYtOGY4OC0zNDM2M2JjN2M0YzAiOnsiY3JlYXRlIjoxMjAwMDAwMDAwMDAwLCJkZWxldGUiOjEyMDAwMDAwMDAwMDAsInVwZGF0ZSI6MTIwMDAwMDAwMDAwMH19",
          "dependencies": [
            "data.google_compute_network.vpc",
            "data.google_compute_subnetwork.subnet",
            "module.mig.google_compute_health_check.http",
            "module.mig.google_compute_instance_template.tpl",
            "module.mig.google_compute_region_instance_group_manager.mig"
          ]
        }
      ]
    },
    {
      "module": "module.mig",
      "mode": "managed",
      "type": "google_compute_region_instance_group_manager",
      "name": "mig",
      "provider": "provider[\"registry.terraform.io/hashicorp/google\"]",
      "instances": [
        {
          "schema_version": 0,
          "attributes": {
            "all_instances_config": [],
            "auto_healing_policies": [
              {
                "health_check": "https://www.googleapis.com/compute/v1/projects/flooid-488720/global/healthChecks/tomcat-mig-hc",
                "initial_delay_sec": 120
              }
            ],
            "base_instance_name": "tomcat-mig",
            "creation_timestamp": "2026-02-28T10:47:20.156-08:00",
            "description": "",
            "distribution_policy_target_shape": "EVEN",
            "distribution_policy_zones": [
              "us-central1-b",
              "us-central1-c",
              "us-central1-f"
            ],
            "fingerprint": "NWgXbkRHa2g=",
            "id": "projects/flooid-488720/regions/us-central1/instanceGroupManagers/tomcat-mig-mig",
            "instance_group": "https://www.googleapis.com/compute/v1/projects/flooid-488720/regions/us-central1/instanceGroups/tomcat-mig-mig",
            "instance_lifecycle_policy": [
              {
                "default_action_on_failure": "REPAIR",
                "force_update_on_repair": "NO"
              }
            ],
            "list_managed_instances_results": "PAGELESS",
            "name": "tomcat-mig-mig",
            "named_port": [
              {
                "name": "http",
                "port": 8080
              }
            ],
            "project": "flooid-488720",
            "region": "us-central1",
            "self_link": "https://www.googleapis.com/compute/v1/projects/flooid-488720/regions/us-central1/instanceGroupManagers/tomcat-mig-mig",
            "stateful_disk": [],
            "stateful_external_ip": [],
            "stateful_internal_ip": [],
            "status": [
              {
                "all_instances_config": [
                  {
                    "current_revision": "",
                    "effective": true
                  }
                ],
                "is_stable": false,
                "stateful": [
                  {
                    "has_stateful_config": false,
                    "per_instance_configs": [
                      {
                        "all_effective": true
                      }
                    ]
                  }
                ],
                "version_target": [
                  {
                    "is_reached": true
                  }
                ]
              }
            ],
            "target_pools": null,
            "target_size": 1,
            "timeouts": null,
            "update_policy": [
              {
                "instance_redistribution_type": "PROACTIVE",
                "max_surge_fixed": 3,
                "max_surge_percent": 0,
                "max_unavailable_fixed": 3,
                "max_unavailable_percent": 0,
                "minimal_action": "REPLACE",
                "most_disruptive_allowed_action": "",
                "replacement_method": "SUBSTITUTE",
                "type": "OPPORTUNISTIC"
              }
            ],
            "version": [
              {
                "instance_template": "https://www.googleapis.com/compute/v1/projects/flooid-488720/global/instanceTemplates/tomcat-mig-tpl-20260228184707520700000001",
                "name": "",
                "target_size": []
              }
            ],
            "wait_for_instances": false,
            "wait_for_instances_status": "STABLE"
          },
          "sensitive_attributes": [],
          "identity_schema_version": 0,
          "private": "eyJlMmJmYjczMC1lY2FhLTExZTYtOGY4OC0zNDM2M2JjN2M0YzAiOnsiY3JlYXRlIjo5MDAwMDAwMDAwMDAsImRlbGV0ZSI6OTAwMDAwMDAwMDAwLCJ1cGRhdGUiOjkwMDAwMDAwMDAwMH19",
          "dependencies": [
            "data.google_compute_network.vpc",
            "data.google_compute_subnetwork.subnet",
            "module.mig.google_compute_health_check.http",
            "module.mig.google_compute_instance_template.tpl"
          ]
        }
      ]
    }
  ],
  "check_results": null
}
