{
  "version": 4,
  "terraform_version": "1.14.6",
  "serial": 152,
  "lineage": "77774587-0c21-2a26-aedb-0714a133b3cb",
  "outputs": {
    "artifact_bucket": {
      "value": "flooid-test",
      "type": "string"
    },
    "instance_groups": {
      "value": {
        "gateway": "https://www.googleapis.com/compute/v1/projects/flooid-488720/regions/us-central1/instanceGroups/gateway-mig",
        "inventory": "https://www.googleapis.com/compute/v1/projects/flooid-488720/regions/us-central1/instanceGroups/inventory-mig",
        "orders": "https://www.googleapis.com/compute/v1/projects/flooid-488720/regions/us-central1/instanceGroups/orders-mig",
        "payments": "https://www.googleapis.com/compute/v1/projects/flooid-488720/regions/us-central1/instanceGroups/payments-mig",
        "users": "https://www.googleapis.com/compute/v1/projects/flooid-488720/regions/us-central1/instanceGroups/users-mig"
      },
      "type": [
        "object",
        {
          "gateway": "string",
          "inventory": "string",
          "orders": "string",
          "payments": "string",
          "users": "string"
        }
      ]
    },
    "lb_ip": {
      "value": "35.227.223.11",
      "type": "string"
    },
    "mig_autoheal_health_checks": {
      "value": {
        "gateway": "https://www.googleapis.com/compute/v1/projects/flooid-488720/global/healthChecks/gateway-hc",
        "inventory": "https://www.googleapis.com/compute/v1/projects/flooid-488720/global/healthChecks/inventory-hc",
        "orders": "https://www.googleapis.com/compute/v1/projects/flooid-488720/global/healthChecks/orders-hc",
        "payments": "https://www.googleapis.com/compute/v1/projects/flooid-488720/global/healthChecks/payments-hc",
        "users": "https://www.googleapis.com/compute/v1/projects/flooid-488720/global/healthChecks/users-hc"
      },
      "type": [
        "object",
        {
          "gateway": "string",
          "inventory": "string",
          "orders": "string",
          "payments": "string",
          "users": "string"
        }
      ]
    },
    "mig_names": {
      "value": {
        "gateway": "gateway-mig",
        "inventory": "inventory-mig",
        "orders": "orders-mig",
        "payments": "payments-mig",
        "users": "users-mig"
      },
      "type": [
        "object",
        {
          "gateway": "string",
          "inventory": "string",
          "orders": "string",
          "payments": "string",
          "users": "string"
        }
      ]
    },
    "tomcat_tags": {
      "value": {
        "gateway": "gateway-tomcat",
        "inventory": "inventory-tomcat",
        "orders": "orders-tomcat",
        "payments": "payments-tomcat",
        "users": "users-tomcat"
      },
      "type": [
        "object",
        {
          "gateway": "string",
          "inventory": "string",
          "orders": "string",
          "payments": "string",
          "users": "string"
        }
      ]
    },
    "war_objects": {
      "value": {
        "gateway": "wars/gateway.war",
        "inventory": "wars/inventory.war",
        "orders": "wars/orders.war",
        "payments": "wars/payments.war",
        "users": "wars/users.war"
      },
      "type": [
        "object",
        {
          "gateway": "string",
          "inventory": "string",
          "orders": "string",
          "payments": "string",
          "users": "string"
        }
      ]
    }
  },
  "resources": [
    {
      "mode": "data",
      "type": "google_compute_network",
      "name": "vpc",
      "provider": "provider[\"registry.terraform.io/hashicorp/google\"]",
      "instances": [
        {
          "schema_version": 0,
          "attributes": {
            "description": "Default network for the project",
            "gateway_ipv4": "",
            "id": "projects/flooid-488720/global/networks/default",
            "internal_ipv6_range": "",
            "name": "default",
            "project": null,
            "self_link": "https://www.googleapis.com/compute/v1/projects/flooid-488720/global/networks/default",
            "subnetworks_self_links": [
              "https://www.googleapis.com/compute/v1/projects/flooid-488720/regions/europe-west2/subnetworks/default",
              "https://www.googleapis.com/compute/v1/projects/flooid-488720/regions/asia-south2/subnetworks/default",
              "https://www.googleapis.com/compute/v1/projects/flooid-488720/regions/asia-northeast1/subnetworks/default",
              "https://www.googleapis.com/compute/v1/projects/flooid-488720/regions/asia-east2/subnetworks/default",
              "https://www.googleapis.com/compute/v1/projects/flooid-488720/regions/europe-west9/subnetworks/default",
              "https://www.googleapis.com/compute/v1/projects/flooid-488720/regions/europe-west8/subnetworks/default",
              "https://www.googleapis.com/compute/v1/projects/flooid-488720/regions/australia-southeast2/subnetworks/default",
              "https://www.googleapis.com/compute/v1/projects/flooid-488720/regions/europe-west6/subnetworks/default",
              "https://www.googleapis.com/compute/v1/projects/flooid-488720/regions/us-east5/subnetworks/default",
              "https://www.googleapis.com/compute/v1/projects/flooid-488720/regions/africa-south1/subnetworks/default",
              "https://www.googleapis.com/compute/v1/projects/flooid-488720/regions/northamerica-northeast2/subnetworks/default",
              "https://www.googleapis.com/compute/v1/projects/flooid-488720/regions/asia-east1/subnetworks/default",
              "https://www.googleapis.com/compute/v1/projects/flooid-488720/regions/europe-southwest1/subnetworks/default",
              "https://www.googleapis.com/compute/v1/projects/flooid-488720/regions/europe-west3/subnetworks/default",
              "https://www.googleapis.com/compute/v1/projects/flooid-488720/regions/us-west4/subnetworks/default",
              "https://www.googleapis.com/compute/v1/projects/flooid-488720/regions/me-west1/subnetworks/default",
              "https://www.googleapis.com/compute/v1/projects/flooid-488720/regions/southamerica-west1/subnetworks/default",
              "https://www.googleapis.com/compute/v1/projects/flooid-488720/regions/us-central1/subnetworks/default",
              "https://www.googleapis.com/compute/v1/projects/flooid-488720/regions/southamerica-east1/subnetworks/default",
              "https://www.googleapis.com/compute/v1/projects/flooid-488720/regions/us-east1/subnetworks/default",
              "https://www.googleapis.com/compute/v1/projects/flooid-488720/regions/asia-southeast1/subnetworks/default",
              "https://www.googleapis.com/compute/v1/projects/flooid-488720/regions/northamerica-south1/subnetworks/default",
              "https://www.googleapis.com/compute/v1/projects/flooid-488720/regions/asia-northeast2/subnetworks/default",
              "https://www.googleapis.com/compute/v1/projects/flooid-488720/regions/asia-southeast3/subnetworks/default",
              "https://www.googleapis.com/compute/v1/projects/flooid-488720/regions/northamerica-northeast1/subnetworks/default",
              "https://www.googleapis.com/compute/v1/projects/flooid-488720/regions/europe-west12/subnetworks/default",
              "https://www.googleapis.com/compute/v1/projects/flooid-488720/regions/us-south1/subnetworks/default",
              "https://www.googleapis.com/compute/v1/projects/flooid-488720/regions/us-west1/subnetworks/default",
              "https://www.googleapis.com/compute/v1/projects/flooid-488720/regions/europe-west10/subnetworks/default",
              "https://www.googleapis.com/compute/v1/projects/flooid-488720/regions/europe-central2/subnetworks/default",
              "https://www.googleapis.com/compute/v1/projects/flooid-488720/regions/us-west2/subnetworks/default",
              "https://www.googleapis.com/compute/v1/projects/flooid-488720/regions/europe-west1/subnetworks/default",
              "https://www.googleapis.com/compute/v1/projects/flooid-488720/regions/us-west3/subnetworks/default",
              "https://www.googleapis.com/compute/v1/projects/flooid-488720/regions/asia-northeast3/subnetworks/default",
              "https://www.googleapis.com/compute/v1/projects/flooid-488720/regions/europe-west4/subnetworks/default",
              "https://www.googleapis.com/compute/v1/projects/flooid-488720/regions/asia-southeast2/subnetworks/default",
              "https://www.googleapis.com/compute/v1/projects/flooid-488720/regions/me-central1/subnetworks/default",
              "https://www.googleapis.com/compute/v1/projects/flooid-488720/regions/australia-southeast1/subnetworks/default",
              "https://www.googleapis.com/compute/v1/projects/flooid-488720/regions/us-east4/subnetworks/default",
              "https://www.googleapis.com/compute/v1/projects/flooid-488720/regions/europe-north2/subnetworks/default",
              "https://www.googleapis.com/compute/v1/projects/flooid-488720/regions/europe-north1/subnetworks/default",
              "https://www.googleapis.com/compute/v1/projects/flooid-488720/regions/asia-south1/subnetworks/default"
            ]
          },
          "sensitive_attributes": [],
          "identity_schema_version": 0
        }
      ]
    },
    {
      "mode": "data",
      "type": "google_compute_subnetwork",
      "name": "subnet",
      "provider": "provider[\"registry.terraform.io/hashicorp/google\"]",
      "instances": [
        {
          "schema_version": 0,
          "attributes": {
            "description": "",
            "gateway_address": "10.128.0.1",
            "id": "projects/flooid-488720/regions/us-central1/subnetworks/default",
            "internal_ipv6_prefix": "",
            "ip_cidr_range": "10.128.0.0/20",
            "name": "default",
            "network": "https://www.googleapis.com/compute/v1/projects/flooid-488720/global/networks/default",
            "private_ip_google_access": false,
            "project": "flooid-488720",
            "region": "us-central1",
            "secondary_ip_range": [],
            "self_link": "https://www.googleapis.com/compute/v1/projects/flooid-488720/regions/us-central1/subnetworks/default"
          },
          "sensitive_attributes": [],
          "identity_schema_version": 0
        }
      ]
    },
    {
      "mode": "managed",
      "type": "google_compute_backend_service",
      "name": "backend",
      "provider": "provider[\"registry.terraform.io/hashicorp/google\"]",
      "instances": [
        {
          "index_key": "gateway",
          "schema_version": 1,
          "attributes": {
            "affinity_cookie_ttl_sec": 0,
            "backend": [
              {
                "balancing_mode": "UTILIZATION",
                "capacity_scaler": 1,
                "description": "",
                "group": "https://www.googleapis.com/compute/v1/projects/flooid-488720/regions/us-central1/instanceGroups/gateway-mig",
                "max_connections": 0,
                "max_connections_per_endpoint": 0,
                "max_connections_per_instance": 0,
                "max_rate": 0,
                "max_rate_per_endpoint": 0,
                "max_rate_per_instance": 0,
                "max_utilization": 0
              }
            ],
            "cdn_policy": [],
            "circuit_breakers": [],
            "compression_mode": "",
            "connection_draining_timeout_sec": 300,
            "consistent_hash": [],
            "creation_timestamp": "2026-03-07T23:07:44.300-08:00",
            "custom_request_headers": null,
            "custom_response_headers": null,
            "description": "",
            "edge_security_policy": "",
            "enable_cdn": false,
            "fingerprint": "H5Xy4ZmvCoo=",
            "generated_id": 7594709815532756655,
            "health_checks": [
              "https://www.googleapis.com/compute/v1/projects/flooid-488720/global/healthChecks/microservices-lb-hc"
            ],
            "iap": [],
            "id": "projects/flooid-488720/global/backendServices/gateway-backend",
            "load_balancing_scheme": "EXTERNAL",
            "locality_lb_policies": [],
            "locality_lb_policy": "",
            "log_config": [],
            "name": "gateway-backend",
            "outlier_detection": [],
            "port_name": "http",
            "project": "flooid-488720",
            "protocol": "HTTP",
            "security_policy": "",
            "security_settings": [],
            "self_link": "https://www.googleapis.com/compute/v1/projects/flooid-488720/global/backendServices/gateway-backend",
            "service_lb_policy": "",
            "session_affinity": "NONE",
            "timeout_sec": 30,
            "timeouts": null
          },
          "sensitive_attributes": [],
          "identity_schema_version": 0,
          "private": "eyJlMmJmYjczMC1lY2FhLTExZTYtOGY4OC0zNDM2M2JjN2M0YzAiOnsiY3JlYXRlIjoxMjAwMDAwMDAwMDAwLCJkZWxldGUiOjEyMDAwMDAwMDAwMDAsInVwZGF0ZSI6MTIwMDAwMDAwMDAwMH0sInNjaGVtYV92ZXJzaW9uIjoiMSJ9",
          "dependencies": [
            "data.google_compute_network.vpc",
            "data.google_compute_subnetwork.subnet",
            "google_compute_health_check.lb_hc_on",
            "module.mig.google_compute_firewall.allow_tomcat_8080",
            "module.mig.google_compute_health_check.http",
            "module.mig.google_compute_instance_template.tpl",
            "module.mig.google_compute_region_autoscaler.as",
            "module.mig.google_compute_region_instance_group_manager.mig"
          ]
        },
        {
          "index_key": "inventory",
          "schema_version": 1,
          "attributes": {
            "affinity_cookie_ttl_sec": 0,
            "backend": [
              {
                "balancing_mode": "UTILIZATION",
                "capacity_scaler": 1,
                "description": "",
                "group": "https://www.googleapis.com/compute/v1/projects/flooid-488720/regions/us-central1/instanceGroups/inventory-mig",
                "max_connections": 0,
                "max_connections_per_endpoint": 0,
                "max_connections_per_instance": 0,
                "max_rate": 0,
                "max_rate_per_endpoint": 0,
                "max_rate_per_instance": 0,
                "max_utilization": 0
              }
            ],
            "cdn_policy": [],
            "circuit_breakers": [],
            "compression_mode": "",
            "connection_draining_timeout_sec": 300,
            "consistent_hash": [],
            "creation_timestamp": "2026-03-07T23:07:44.320-08:00",
            "custom_request_headers": null,
            "custom_response_headers": null,
            "description": "",
            "edge_security_policy": "",
            "enable_cdn": false,
            "fingerprint": "R5mSAhLeOMY=",
            "generated_id": 3611998689335221935,
            "health_checks": [
              "https://www.googleapis.com/compute/v1/projects/flooid-488720/global/healthChecks/microservices-lb-hc"
            ],
            "iap": [],
            "id": "projects/flooid-488720/global/backendServices/inventory-backend",
            "load_balancing_scheme": "EXTERNAL",
            "locality_lb_policies": [],
            "locality_lb_policy": "",
            "log_config": [],
            "name": "inventory-backend",
            "outlier_detection": [],
            "port_name": "http",
            "project": "flooid-488720",
            "protocol": "HTTP",
            "security_policy": "",
            "security_settings": [],
            "self_link": "https://www.googleapis.com/compute/v1/projects/flooid-488720/global/backendServices/inventory-backend",
            "service_lb_policy": "",
            "session_affinity": "NONE",
            "timeout_sec": 30,
            "timeouts": null
          },
          "sensitive_attributes": [],
          "identity_schema_version": 0,
          "private": "eyJlMmJmYjczMC1lY2FhLTExZTYtOGY4OC0zNDM2M2JjN2M0YzAiOnsiY3JlYXRlIjoxMjAwMDAwMDAwMDAwLCJkZWxldGUiOjEyMDAwMDAwMDAwMDAsInVwZGF0ZSI6MTIwMDAwMDAwMDAwMH0sInNjaGVtYV92ZXJzaW9uIjoiMSJ9",
          "dependencies": [
            "data.google_compute_network.vpc",
            "data.google_compute_subnetwork.subnet",
            "google_compute_health_check.lb_hc_on",
            "module.mig.google_compute_firewall.allow_tomcat_8080",
            "module.mig.google_compute_health_check.http",
            "module.mig.google_compute_instance_template.tpl",
            "module.mig.google_compute_region_autoscaler.as",
            "module.mig.google_compute_region_instance_group_manager.mig"
          ]
        },
        {
          "index_key": "orders",
          "schema_version": 1,
          "attributes": {
            "affinity_cookie_ttl_sec": 0,
            "backend": [
              {
                "balancing_mode": "UTILIZATION",
                "capacity_scaler": 1,
                "description": "",
                "group": "https://www.googleapis.com/compute/v1/projects/flooid-488720/regions/us-central1/instanceGroups/orders-mig",
                "max_connections": 0,
                "max_connections_per_endpoint": 0,
                "max_connections_per_instance": 0,
                "max_rate": 0,
                "max_rate_per_endpoint": 0,
                "max_rate_per_instance": 0,
                "max_utilization": 0
              }
            ],
            "cdn_policy": [],
            "circuit_breakers": [],
            "compression_mode": "",
            "connection_draining_timeout_sec": 300,
            "consistent_hash": [],
            "creation_timestamp": "2026-03-07T23:07:44.295-08:00",
            "custom_request_headers": null,
            "custom_response_headers": null,
            "description": "",
            "edge_security_policy": "",
            "enable_cdn": false,
            "fingerprint": "1lnpdySkH54=",
            "generated_id": 7339738055508532911,
            "health_checks": [
              "https://www.googleapis.com/compute/v1/projects/flooid-488720/global/healthChecks/microservices-lb-hc"
            ],
            "iap": [],
            "id": "projects/flooid-488720/global/backendServices/orders-backend",
            "load_balancing_scheme": "EXTERNAL",
            "locality_lb_policies": [],
            "locality_lb_policy": "",
            "log_config": [],
            "name": "orders-backend",
            "outlier_detection": [],
            "port_name": "http",
            "project": "flooid-488720",
            "protocol": "HTTP",
            "security_policy": "",
            "security_settings": [],
            "self_link": "https://www.googleapis.com/compute/v1/projects/flooid-488720/global/backendServices/orders-backend",
            "service_lb_policy": "",
            "session_affinity": "NONE",
            "timeout_sec": 30,
            "timeouts": null
          },
          "sensitive_attributes": [],
          "identity_schema_version": 0,
          "private": "eyJlMmJmYjczMC1lY2FhLTExZTYtOGY4OC0zNDM2M2JjN2M0YzAiOnsiY3JlYXRlIjoxMjAwMDAwMDAwMDAwLCJkZWxldGUiOjEyMDAwMDAwMDAwMDAsInVwZGF0ZSI6MTIwMDAwMDAwMDAwMH0sInNjaGVtYV92ZXJzaW9uIjoiMSJ9",
          "dependencies": [
            "data.google_compute_network.vpc",
            "data.google_compute_subnetwork.subnet",
            "google_compute_health_check.lb_hc_on",
            "module.mig.google_compute_firewall.allow_tomcat_8080",
            "module.mig.google_compute_health_check.http",
            "module.mig.google_compute_instance_template.tpl",
            "module.mig.google_compute_region_autoscaler.as",
            "module.mig.google_compute_region_instance_group_manager.mig"
          ]
        },
        {
          "index_key": "payments",
          "schema_version": 1,
          "attributes": {
            "affinity_cookie_ttl_sec": 0,
            "backend": [
              {
                "balancing_mode": "UTILIZATION",
                "capacity_scaler": 1,
                "description": "",
                "group": "https://www.googleapis.com/compute/v1/projects/flooid-488720/regions/us-central1/instanceGroups/payments-mig",
                "max_connections": 0,
                "max_connections_per_endpoint": 0,
                "max_connections_per_instance": 0,
                "max_rate": 0,
                "max_rate_per_endpoint": 0,
                "max_rate_per_instance": 0,
                "max_utilization": 0
              }
            ],
            "cdn_policy": [],
            "circuit_breakers": [],
            "compression_mode": "",
            "connection_draining_timeout_sec": 300,
            "consistent_hash": [],
            "creation_timestamp": "2026-03-07T23:07:44.941-08:00",
            "custom_request_headers": null,
            "custom_response_headers": null,
            "description": "",
            "edge_security_policy": "",
            "enable_cdn": false,
            "fingerprint": "rv8AkMg6xdo=",
            "generated_id": 6280396445103201967,
            "health_checks": [
              "https://www.googleapis.com/compute/v1/projects/flooid-488720/global/healthChecks/microservices-lb-hc"
            ],
            "iap": [],
            "id": "projects/flooid-488720/global/backendServices/payments-backend",
            "load_balancing_scheme": "EXTERNAL",
            "locality_lb_policies": [],
            "locality_lb_policy": "",
            "log_config": [],
            "name": "payments-backend",
            "outlier_detection": [],
            "port_name": "http",
            "project": "flooid-488720",
            "protocol": "HTTP",
            "security_policy": "",
            "security_settings": [],
            "self_link": "https://www.googleapis.com/compute/v1/projects/flooid-488720/global/backendServices/payments-backend",
            "service_lb_policy": "",
            "session_affinity": "NONE",
            "timeout_sec": 30,
            "timeouts": null
          },
          "sensitive_attributes": [],
          "identity_schema_version": 0,
          "private": "eyJlMmJmYjczMC1lY2FhLTExZTYtOGY4OC0zNDM2M2JjN2M0YzAiOnsiY3JlYXRlIjoxMjAwMDAwMDAwMDAwLCJkZWxldGUiOjEyMDAwMDAwMDAwMDAsInVwZGF0ZSI6MTIwMDAwMDAwMDAwMH0sInNjaGVtYV92ZXJzaW9uIjoiMSJ9",
          "dependencies": [
            "data.google_compute_network.vpc",
            "data.google_compute_subnetwork.subnet",
            "google_compute_health_check.lb_hc_on",
            "module.mig.google_compute_firewall.allow_tomcat_8080",
            "module.mig.google_compute_health_check.http",
            "module.mig.google_compute_instance_template.tpl",
            "module.mig.google_compute_region_autoscaler.as",
            "module.mig.google_compute_region_instance_group_manager.mig"
          ]
        },
        {
          "index_key": "users",
          "schema_version": 1,
          "attributes": {
            "affinity_cookie_ttl_sec": 0,
            "backend": [
              {
                "balancing_mode": "UTILIZATION",
                "capacity_scaler": 1,
                "description": "",
                "group": "https://www.googleapis.com/compute/v1/projects/flooid-488720/regions/us-central1/instanceGroups/users-mig",
                "max_connections": 0,
                "max_connections_per_endpoint": 0,
                "max_connections_per_instance": 0,
                "max_rate": 0,
                "max_rate_per_endpoint": 0,
                "max_rate_per_instance": 0,
                "max_utilization": 0
              }
            ],
            "cdn_policy": [],
            "circuit_breakers": [],
            "compression_mode": "",
            "connection_draining_timeout_sec": 300,
            "consistent_hash": [],
            "creation_timestamp": "2026-03-07T23:07:44.779-08:00",
            "custom_request_headers": null,
            "custom_response_headers": null,
            "description": "",
            "edge_security_policy": "",
            "enable_cdn": false,
            "fingerprint": "iwIc_A65vMM=",
            "generated_id": 2506226987811511983,
            "health_checks": [
              "https://www.googleapis.com/compute/v1/projects/flooid-488720/global/healthChecks/microservices-lb-hc"
            ],
            "iap": [],
            "id": "projects/flooid-488720/global/backendServices/users-backend",
            "load_balancing_scheme": "EXTERNAL",
            "locality_lb_policies": [],
            "locality_lb_policy": "",
            "log_config": [],
            "name": "users-backend",
            "outlier_detection": [],
            "port_name": "http",
            "project": "flooid-488720",
            "protocol": "HTTP",
            "security_policy": "",
            "security_settings": [],
            "self_link": "https://www.googleapis.com/compute/v1/projects/flooid-488720/global/backendServices/users-backend",
            "service_lb_policy": "",
            "session_affinity": "NONE",
            "timeout_sec": 30,
            "timeouts": null
          },
          "sensitive_attributes": [],
          "identity_schema_version": 0,
          "private": "eyJlMmJmYjczMC1lY2FhLTExZTYtOGY4OC0zNDM2M2JjN2M0YzAiOnsiY3JlYXRlIjoxMjAwMDAwMDAwMDAwLCJkZWxldGUiOjEyMDAwMDAwMDAwMDAsInVwZGF0ZSI6MTIwMDAwMDAwMDAwMH0sInNjaGVtYV92ZXJzaW9uIjoiMSJ9",
          "dependencies": [
            "data.google_compute_network.vpc",
            "data.google_compute_subnetwork.subnet",
            "google_compute_health_check.lb_hc_on",
            "module.mig.google_compute_firewall.allow_tomcat_8080",
            "module.mig.google_compute_health_check.http",
            "module.mig.google_compute_instance_template.tpl",
            "module.mig.google_compute_region_autoscaler.as",
            "module.mig.google_compute_region_instance_group_manager.mig"
          ]
        }
      ]
    },
    {
      "mode": "managed",
      "type": "google_compute_global_forwarding_rule",
      "name": "tomcat_fwd",
      "provider": "provider[\"registry.terraform.io/hashicorp/google\"]",
      "instances": [
        {
          "schema_version": 0,
          "attributes": {
            "base_forwarding_rule": "",
            "description": "",
            "effective_labels": {},
            "id": "projects/flooid-488720/global/forwardingRules/microservices-http-fr",
            "ip_address": "35.227.223.11",
            "ip_protocol": "TCP",
            "ip_version": "",
            "label_fingerprint": "42WmSpB8rSM=",
            "labels": null,
            "load_balancing_scheme": "EXTERNAL",
            "metadata_filters": [],
            "name": "microservices-http-fr",
            "network": "",
            "no_automate_dns_zone": null,
            "port_range": "80-80",
            "project": "flooid-488720",
            "psc_connection_id": "",
            "psc_connection_status": "",
            "self_link": "https://www.googleapis.com/compute/v1/projects/flooid-488720/global/forwardingRules/microservices-http-fr",
            "service_directory_registrations": [],
            "source_ip_ranges": null,
            "subnetwork": "",
            "target": "https://www.googleapis.com/compute/v1/projects/flooid-488720/global/targetHttpProxies/microservices-http-proxy",
            "terraform_labels": {},
            "timeouts": null
          },
          "sensitive_attributes": [],
          "identity_schema_version": 0,
          "private": "eyJlMmJmYjczMC1lY2FhLTExZTYtOGY4OC0zNDM2M2JjN2M0YzAiOnsiY3JlYXRlIjoxMjAwMDAwMDAwMDAwLCJkZWxldGUiOjEyMDAwMDAwMDAwMDAsInVwZGF0ZSI6MTIwMDAwMDAwMDAwMH19",
          "dependencies": [
            "data.google_compute_network.vpc",
            "data.google_compute_subnetwork.subnet",
            "google_compute_backend_service.backend",
            "google_compute_health_check.lb_hc_on",
            "google_compute_target_http_proxy.tomcat_proxy",
            "google_compute_url_map.tomcat_map",
            "module.mig.google_compute_firewall.allow_tomcat_8080",
            "module.mig.google_compute_health_check.http",
            "module.mig.google_compute_instance_template.tpl",
            "module.mig.google_compute_region_autoscaler.as",
            "module.mig.google_compute_region_instance_group_manager.mig"
          ]
        }
      ]
    },
    {
      "mode": "managed",
      "type": "google_compute_health_check",
      "name": "lb_hc_on",
      "provider": "provider[\"registry.terraform.io/hashicorp/google\"]",
      "instances": [
        {
          "schema_version": 0,
          "attributes": {
            "check_interval_sec": 5,
            "creation_timestamp": "2026-03-07T23:05:29.256-08:00",
            "description": "",
            "grpc_health_check": [],
            "healthy_threshold": 2,
            "http2_health_check": [],
            "http_health_check": [
              {
                "host": "",
                "port": 8080,
                "port_name": "",
                "port_specification": "",
                "proxy_header": "NONE",
                "request_path": "/",
                "response": ""
              }
            ],
            "https_health_check": [],
            "id": "projects/flooid-488720/global/healthChecks/microservices-lb-hc",
            "log_config": [
              {
                "enable": false
              }
            ],
            "name": "microservices-lb-hc",
            "project": "flooid-488720",
            "self_link": "https://www.googleapis.com/compute/v1/projects/flooid-488720/global/healthChecks/microservices-lb-hc",
            "source_regions": null,
            "ssl_health_check": [],
            "tcp_health_check": [],
            "timeout_sec": 5,
            "timeouts": null,
            "type": "HTTP",
            "unhealthy_threshold": 2
          },
          "sensitive_attributes": [],
          "identity_schema_version": 0,
          "private": "eyJlMmJmYjczMC1lY2FhLTExZTYtOGY4OC0zNDM2M2JjN2M0YzAiOnsiY3JlYXRlIjoxMjAwMDAwMDAwMDAwLCJkZWxldGUiOjEyMDAwMDAwMDAwMDAsInVwZGF0ZSI6MTIwMDAwMDAwMDAwMH19"
        }
      ]
    },
    {
      "mode": "managed",
      "type": "google_compute_target_http_proxy",
      "name": "tomcat_proxy",
      "provider": "provider[\"registry.terraform.io/hashicorp/google\"]",
      "instances": [
        {
          "schema_version": 0,
          "attributes": {
            "creation_timestamp": "2026-03-07T23:09:38.204-08:00",
            "description": "",
            "http_keep_alive_timeout_sec": 0,
            "id": "projects/flooid-488720/global/targetHttpProxies/microservices-http-proxy",
            "name": "microservices-http-proxy",
            "project": "flooid-488720",
            "proxy_bind": false,
            "proxy_id": 7790633991509417565,
            "self_link": "https://www.googleapis.com/compute/v1/projects/flooid-488720/global/targetHttpProxies/microservices-http-proxy",
            "timeouts": null,
            "url_map": "https://www.googleapis.com/compute/v1/projects/flooid-488720/global/urlMaps/microservices-urlmap"
          },
          "sensitive_attributes": [],
          "identity_schema_version": 0,
          "private": "eyJlMmJmYjczMC1lY2FhLTExZTYtOGY4OC0zNDM2M2JjN2M0YzAiOnsiY3JlYXRlIjoxMjAwMDAwMDAwMDAwLCJkZWxldGUiOjEyMDAwMDAwMDAwMDAsInVwZGF0ZSI6MTIwMDAwMDAwMDAwMH19",
          "dependencies": [
            "data.google_compute_network.vpc",
            "data.google_compute_subnetwork.subnet",
            "google_compute_backend_service.backend",
            "google_compute_health_check.lb_hc_on",
            "google_compute_url_map.tomcat_map",
            "module.mig.google_compute_firewall.allow_tomcat_8080",
            "module.mig.google_compute_health_check.http",
            "module.mig.google_compute_instance_template.tpl",
            "module.mig.google_compute_region_autoscaler.as",
            "module.mig.google_compute_region_instance_group_manager.mig"
          ]
        }
      ]
    },
    {
      "mode": "managed",
      "type": "google_compute_url_map",
      "name": "tomcat_map",
      "provider": "provider[\"registry.terraform.io/hashicorp/google\"]",
      "instances": [
        {
          "schema_version": 0,
          "attributes": {
            "creation_timestamp": "2026-03-07T23:09:27.436-08:00",
            "default_route_action": [],
            "default_service": "https://www.googleapis.com/compute/v1/projects/flooid-488720/global/backendServices/gateway-backend",
            "default_url_redirect": [],
            "description": "",
            "fingerprint": "FEyJ2XVy5qU=",
            "header_action": [],
            "host_rule": [
              {
                "description": "",
                "hosts": [
                  "*"
                ],
                "path_matcher": "services"
              }
            ],
            "id": "projects/flooid-488720/global/urlMaps/microservices-urlmap",
            "map_id": 4943440763003379272,
            "name": "microservices-urlmap",
            "path_matcher": [
              {
                "default_route_action": [],
                "default_service": "https://www.googleapis.com/compute/v1/projects/flooid-488720/global/backendServices/gateway-backend",
                "default_url_redirect": [],
                "description": "",
                "header_action": [],
                "name": "services",
                "path_rule": [
                  {
                    "paths": [
                      "/*"
                    ],
                    "route_action": [],
                    "service": "https://www.googleapis.com/compute/v1/projects/flooid-488720/global/backendServices/gateway-backend",
                    "url_redirect": []
                  },
                  {
                    "paths": [
                      "/inventory/*"
                    ],
                    "route_action": [],
                    "service": "https://www.googleapis.com/compute/v1/projects/flooid-488720/global/backendServices/inventory-backend",
                    "url_redirect": []
                  },
                  {
                    "paths": [
                      "/orders/*"
                    ],
                    "route_action": [],
                    "service": "https://www.googleapis.com/compute/v1/projects/flooid-488720/global/backendServices/orders-backend",
                    "url_redirect": []
                  },
                  {
                    "paths": [
                      "/payments/*"
                    ],
                    "route_action": [],
                    "service": "https://www.googleapis.com/compute/v1/projects/flooid-488720/global/backendServices/payments-backend",
                    "url_redirect": []
                  },
                  {
                    "paths": [
                      "/users/*"
                    ],
                    "route_action": [],
                    "service": "https://www.googleapis.com/compute/v1/projects/flooid-488720/global/backendServices/users-backend",
                    "url_redirect": []
                  }
                ],
                "route_rules": []
              }
            ],
            "project": "flooid-488720",
            "self_link": "https://www.googleapis.com/compute/v1/projects/flooid-488720/global/urlMaps/microservices-urlmap",
            "test": [],
            "timeouts": null
          },
          "sensitive_attributes": [],
          "identity_schema_version": 0,
          "private": "eyJlMmJmYjczMC1lY2FhLTExZTYtOGY4OC0zNDM2M2JjN2M0YzAiOnsiY3JlYXRlIjoxMjAwMDAwMDAwMDAwLCJkZWxldGUiOjEyMDAwMDAwMDAwMDAsInVwZGF0ZSI6MTIwMDAwMDAwMDAwMH19",
          "dependencies": [
            "data.google_compute_network.vpc",
            "data.google_compute_subnetwork.subnet",
            "google_compute_backend_service.backend",
            "google_compute_health_check.lb_hc_on",
            "module.mig.google_compute_firewall.allow_tomcat_8080",
            "module.mig.google_compute_health_check.http",
            "module.mig.google_compute_instance_template.tpl",
            "module.mig.google_compute_region_autoscaler.as",
            "module.mig.google_compute_region_instance_group_manager.mig"
          ]
        }
      ]
    },
    {
      "module": "module.mig[\"gateway\"]",
      "mode": "managed",
      "type": "google_compute_firewall",
      "name": "allow_tomcat_8080",
      "provider": "provider[\"registry.terraform.io/hashicorp/google\"]",
      "instances": [
        {
          "schema_version": 1,
          "attributes": {
            "allow": [
              {
                "ports": [
                  "8080"
                ],
                "protocol": "tcp"
              }
            ],
            "creation_timestamp": "2026-03-07T23:05:29.386-08:00",
            "deny": [],
            "description": "",
            "destination_ranges": [],
            "direction": "INGRESS",
            "disabled": false,
            "enable_logging": null,
            "id": "projects/flooid-488720/global/firewalls/gateway-allow-8080",
            "log_config": [],
            "name": "gateway-allow-8080",
            "network": "https://www.googleapis.com/compute/v1/projects/flooid-488720/global/networks/default",
            "priority": 1000,
            "project": "flooid-488720",
            "self_link": "https://www.googleapis.com/compute/v1/projects/flooid-488720/global/firewalls/gateway-allow-8080",
            "source_ranges": [
              "130.211.0.0/22",
              "35.191.0.0/16"
            ],
            "source_service_accounts": null,
            "source_tags": null,
            "target_service_accounts": null,
            "target_tags": [
              "gateway-tomcat"
            ],
            "timeouts": null
          },
          "sensitive_attributes": [],
          "identity_schema_version": 0,
          "private": "eyJlMmJmYjczMC1lY2FhLTExZTYtOGY4OC0zNDM2M2JjN2M0YzAiOnsiY3JlYXRlIjoxMjAwMDAwMDAwMDAwLCJkZWxldGUiOjEyMDAwMDAwMDAwMDAsInVwZGF0ZSI6MTIwMDAwMDAwMDAwMH0sInNjaGVtYV92ZXJzaW9uIjoiMSJ9",
          "dependencies": [
            "data.google_compute_network.vpc"
          ]
        }
      ]
    },
    {
      "module": "module.mig[\"gateway\"]",
      "mode": "managed",
      "type": "google_compute_health_check",
      "name": "http",
      "provider": "provider[\"registry.terraform.io/hashicorp/google\"]",
      "instances": [
        {
          "schema_version": 0,
          "attributes": {
            "check_interval_sec": 5,
            "creation_timestamp": "2026-03-07T23:05:29.247-08:00",
            "description": "",
            "grpc_health_check": [],
            "healthy_threshold": 2,
            "http2_health_check": [],
            "http_health_check": [
              {
                "host": "",
                "port": 8080,
                "port_name": "",
                "port_specification": "",
                "proxy_header": "NONE",
                "request_path": "/",
                "response": ""
              }
            ],
            "https_health_check": [],
            "id": "projects/flooid-488720/global/healthChecks/gateway-hc",
            "log_config": [
              {
                "enable": false
              }
            ],
            "name": "gateway-hc",
            "project": "flooid-488720",
            "self_link": "https://www.googleapis.com/compute/v1/projects/flooid-488720/global/healthChecks/gateway-hc",
            "source_regions": null,
            "ssl_health_check": [],
            "tcp_health_check": [],
            "timeout_sec": 5,
            "timeouts": null,
            "type": "HTTP",
            "unhealthy_threshold": 2
          },
          "sensitive_attributes": [],
          "identity_schema_version": 0,
          "private": "eyJlMmJmYjczMC1lY2FhLTExZTYtOGY4OC0zNDM2M2JjN2M0YzAiOnsiY3JlYXRlIjoxMjAwMDAwMDAwMDAwLCJkZWxldGUiOjEyMDAwMDAwMDAwMDAsInVwZGF0ZSI6MTIwMDAwMDAwMDAwMH19"
        }
      ]
    },
    {
      "module": "module.mig[\"gateway\"]",
      "mode": "managed",
      "type": "google_compute_instance_template",
      "name": "tpl",
      "provider": "provider[\"registry.terraform.io/hashicorp/google\"]",
      "instances": [
        {
          "schema_version": 1,
          "attributes": {
            "advanced_machine_features": [],
            "can_ip_forward": false,
            "confidential_instance_config": null,
            "description": "",
            "disk": [
              {
                "auto_delete": true,
                "boot": true,
                "device_name": "persistent-disk-0",
                "disk_encryption_key": [],
                "disk_name": "",
                "disk_size_gb": 20,
                "disk_type": "pd-balanced",
                "interface": "SCSI",
                "labels": null,
                "mode": "READ_WRITE",
                "provisioned_iops": 0,
                "resource_manager_tags": null,
                "resource_policies": null,
                "source": "",
                "source_image": "projects/ubuntu-os-cloud/global/images/family/ubuntu-2204-lts",
                "source_image_encryption_key": [],
                "source_snapshot": "",
                "source_snapshot_encryption_key": [],
                "type": "PERSISTENT"
              }
            ],
            "effective_labels": {},
            "guest_accelerator": [],
            "id": "projects/flooid-488720/global/instanceTemplates/gateway-tpl-20260308070539829200000001",
            "instance_description": "",
            "labels": null,
            "machine_type": "e2-medium",
            "metadata": null,
            "metadata_fingerprint": "BHX_WCVDqL0=",
            "metadata_startup_script": "#!/bin/bash\necho \"booted\" \u003e /tmp/booted.txt\n",
            "min_cpu_platform": "",
            "name": "gateway-tpl-20260308070539829200000001",
            "name_prefix": "gateway-tpl-",
            "network_interface": [
              {
                "access_config": [
                  {
                    "nat_ip": "",
                    "network_tier": "PREMIUM",
                    "public_ptr_domain_name": ""
                  }
                ],
                "alias_ip_range": [],
                "internal_ipv6_prefix_length": 0,
                "ipv6_access_config": [],
                "ipv6_access_type": "",
                "ipv6_address": "",
                "name": "nic0",
                "network": "https://www.googleapis.com/compute/v1/projects/flooid-488720/global/networks/default",
                "network_ip": "",
                "nic_type": "",
                "queue_count": 0,
                "stack_type": "",
                "subnetwork": "https://www.googleapis.com/compute/v1/projects/flooid-488720/regions/us-central1/subnetworks/default",
                "subnetwork_project": "flooid-488720"
              }
            ],
            "network_performance_config": [],
            "project": "flooid-488720",
            "region": "us-central1",
            "reservation_affinity": [],
            "resource_manager_tags": null,
            "resource_policies": null,
            "scheduling": [
              {
                "automatic_restart": true,
                "instance_termination_action": "",
                "local_ssd_recovery_timeout": [],
                "max_run_duration": [],
                "min_node_cpus": 0,
                "node_affinities": [],
                "on_host_maintenance": "MIGRATE",
                "on_instance_stop_action": [],
                "preemptible": false,
                "provisioning_model": "STANDARD"
              }
            ],
            "self_link": "https://www.googleapis.com/compute/v1/projects/flooid-488720/global/instanceTemplates/gateway-tpl-20260308070539829200000001",
            "self_link_unique": "https://www.googleapis.com/compute/v1/projects/flooid-488720/global/instanceTemplates/gateway-tpl-20260308070539829200000001?uniqueId=8804298229584797996",
            "service_account": [
              {
                "email": "manny-563@flooid-488720.iam.gserviceaccount.com",
                "scopes": [
                  "https://www.googleapis.com/auth/cloud-platform"
                ]
              }
            ],
            "shielded_instance_config": [],
            "tags": [
              "gateway-tomcat"
            ],
            "tags_fingerprint": "",
            "terraform_labels": {},
            "timeouts": null
          },
          "sensitive_attributes": [],
          "identity_schema_version": 0,
          "private": "eyJlMmJmYjczMC1lY2FhLTExZTYtOGY4OC0zNDM2M2JjN2M0YzAiOnsiY3JlYXRlIjoyNDAwMDAwMDAwMDAsImRlbGV0ZSI6MjQwMDAwMDAwMDAwfSwic2NoZW1hX3ZlcnNpb24iOiIxIn0=",
          "dependencies": [
            "data.google_compute_network.vpc",
            "data.google_compute_subnetwork.subnet"
          ]
        }
      ]
    },
    {
      "module": "module.mig[\"gateway\"]",
      "mode": "managed",
      "type": "google_compute_region_autoscaler",
      "name": "as",
      "provider": "provider[\"registry.terraform.io/hashicorp/google\"]",
      "instances": [
        {
          "schema_version": 0,
          "attributes": {
            "autoscaling_policy": [
              {
                "cooldown_period": 60,
                "cpu_utilization": [
                  {
                    "predictive_method": "NONE",
                    "target": 0.8
                  }
                ],
                "load_balancing_utilization": [],
                "max_replicas": 2,
                "metric": [],
                "min_replicas": 1,
                "mode": "ON",
                "scale_in_control": [],
                "scaling_schedules": []
              }
            ],
            "creation_timestamp": "2026-03-07T23:07:33.603-08:00",
            "description": "",
            "id": "projects/flooid-488720/regions/us-central1/autoscalers/gateway-as",
            "name": "gateway-as",
            "project": "flooid-488720",
            "region": "us-central1",
            "self_link": "https://www.googleapis.com/compute/v1/projects/flooid-488720/regions/us-central1/autoscalers/gateway-as",
            "target": "https://www.googleapis.com/compute/v1/projects/flooid-488720/regions/us-central1/instanceGroupManagers/gateway-mig",
            "timeouts": null
          },
          "sensitive_attributes": [],
          "identity_schema_version": 0,
          "private": "eyJlMmJmYjczMC1lY2FhLTExZTYtOGY4OC0zNDM2M2JjN2M0YzAiOnsiY3JlYXRlIjoxMjAwMDAwMDAwMDAwLCJkZWxldGUiOjEyMDAwMDAwMDAwMDAsInVwZGF0ZSI6MTIwMDAwMDAwMDAwMH19",
          "dependencies": [
            "data.google_compute_network.vpc",
            "data.google_compute_subnetwork.subnet",
            "module.mig.google_compute_health_check.http",
            "module.mig.google_compute_instance_template.tpl",
            "module.mig.google_compute_region_instance_group_manager.mig"
          ]
        }
      ]
    },
    {
      "module": "module.mig[\"gateway\"]",
      "mode": "managed",
      "type": "google_compute_region_instance_group_manager",
      "name": "mig",
      "provider": "provider[\"registry.terraform.io/hashicorp/google\"]",
      "instances": [
        {
          "schema_version": 0,
          "attributes": {
            "all_instances_config": [],
            "auto_healing_policies": [
              {
                "health_check": "https://www.googleapis.com/compute/v1/projects/flooid-488720/global/healthChecks/gateway-hc",
                "initial_delay_sec": 120
              }
            ],
            "base_instance_name": "gateway",
            "creation_timestamp": "2026-03-07T23:05:52.327-08:00",
            "description": "",
            "distribution_policy_target_shape": "EVEN",
            "distribution_policy_zones": [
              "us-central1-b",
              "us-central1-c",
              "us-central1-f"
            ],
            "fingerprint": "82SWYR007tQ=",
            "id": "projects/flooid-488720/regions/us-central1/instanceGroupManagers/gateway-mig",
            "instance_group": "https://www.googleapis.com/compute/v1/projects/flooid-488720/regions/us-central1/instanceGroups/gateway-mig",
            "instance_lifecycle_policy": [
              {
                "default_action_on_failure": "REPAIR",
                "force_update_on_repair": "NO"
              }
            ],
            "list_managed_instances_results": "PAGELESS",
            "name": "gateway-mig",
            "named_port": [
              {
                "name": "http",
                "port": 8080
              }
            ],
            "project": "flooid-488720",
            "region": "us-central1",
            "self_link": "https://www.googleapis.com/compute/v1/projects/flooid-488720/regions/us-central1/instanceGroupManagers/gateway-mig",
            "stateful_disk": [],
            "stateful_external_ip": [],
            "stateful_internal_ip": [],
            "status": [
              {
                "all_instances_config": [
                  {
                    "current_revision": "",
                    "effective": true
                  }
                ],
                "is_stable": false,
                "stateful": [
                  {
                    "has_stateful_config": false,
                    "per_instance_configs": [
                      {
                        "all_effective": true
                      }
                    ]
                  }
                ],
                "version_target": [
                  {
                    "is_reached": true
                  }
                ]
              }
            ],
            "target_pools": null,
            "target_size": 1,
            "timeouts": null,
            "update_policy": [
              {
                "instance_redistribution_type": "PROACTIVE",
                "max_surge_fixed": 3,
                "max_surge_percent": 0,
                "max_unavailable_fixed": 3,
                "max_unavailable_percent": 0,
                "minimal_action": "REPLACE",
                "most_disruptive_allowed_action": "",
                "replacement_method": "SUBSTITUTE",
                "type": "OPPORTUNISTIC"
              }
            ],
            "version": [
              {
                "instance_template": "https://www.googleapis.com/compute/v1/projects/flooid-488720/global/instanceTemplates/gateway-tpl-20260308070539829200000001",
                "name": "",
                "target_size": []
              }
            ],
            "wait_for_instances": false,
            "wait_for_instances_status": "STABLE"
          },
          "sensitive_attributes": [],
          "identity_schema_version": 0,
          "private": "eyJlMmJmYjczMC1lY2FhLTExZTYtOGY4OC0zNDM2M2JjN2M0YzAiOnsiY3JlYXRlIjo5MDAwMDAwMDAwMDAsImRlbGV0ZSI6OTAwMDAwMDAwMDAwLCJ1cGRhdGUiOjkwMDAwMDAwMDAwMH19",
          "dependencies": [
            "data.google_compute_network.vpc",
            "data.google_compute_subnetwork.subnet",
            "module.mig.google_compute_health_check.http",
            "module.mig.google_compute_instance_template.tpl"
          ]
        }
      ]
    },
    {
      "module": "module.mig[\"inventory\"]",
      "mode": "managed",
      "type": "google_compute_firewall",
      "name": "allow_tomcat_8080",
      "provider": "provider[\"registry.terraform.io/hashicorp/google\"]",
      "instances": [
        {
          "schema_version": 1,
          "attributes": {
            "allow": [
              {
                "ports": [
                  "8080"
                ],
                "protocol": "tcp"
              }
            ],
            "creation_timestamp": "2026-03-07T23:05:40.127-08:00",
            "deny": [],
            "description": "",
            "destination_ranges": [],
            "direction": "INGRESS",
            "disabled": false,
            "enable_logging": null,
            "id": "projects/flooid-488720/global/firewalls/inventory-allow-8080",
            "log_config": [],
            "name": "inventory-allow-8080",
            "network": "https://www.googleapis.com/compute/v1/projects/flooid-488720/global/networks/default",
            "priority": 1000,
            "project": "flooid-488720",
            "self_link": "https://www.googleapis.com/compute/v1/projects/flooid-488720/global/firewalls/inventory-allow-8080",
            "source_ranges": [
              "130.211.0.0/22",
              "35.191.0.0/16"
            ],
            "source_service_accounts": null,
            "source_tags": null,
            "target_service_accounts": null,
            "target_tags": [
              "inventory-tomcat"
            ],
            "timeouts": null
          },
          "sensitive_attributes": [],
          "identity_schema_version": 0,
          "private": "eyJlMmJmYjczMC1lY2FhLTExZTYtOGY4OC0zNDM2M2JjN2M0YzAiOnsiY3JlYXRlIjoxMjAwMDAwMDAwMDAwLCJkZWxldGUiOjEyMDAwMDAwMDAwMDAsInVwZGF0ZSI6MTIwMDAwMDAwMDAwMH0sInNjaGVtYV92ZXJzaW9uIjoiMSJ9",
          "dependencies": [
            "data.google_compute_network.vpc"
          ]
        }
      ]
    },
    {
      "module": "module.mig[\"inventory\"]",
      "mode": "managed",
      "type": "google_compute_health_check",
      "name": "http",
      "provider": "provider[\"registry.terraform.io/hashicorp/google\"]",
      "instances": [
        {
          "schema_version": 0,
          "attributes": {
            "check_interval_sec": 5,
            "creation_timestamp": "2026-03-07T23:05:29.217-08:00",
            "description": "",
            "grpc_health_check": [],
            "healthy_threshold": 2,
            "http2_health_check": [],
            "http_health_check": [
              {
                "host": "",
                "port": 8080,
                "port_name": "",
                "port_specification": "",
                "proxy_header": "NONE",
                "request_path": "/",
                "response": ""
              }
            ],
            "https_health_check": [],
            "id": "projects/flooid-488720/global/healthChecks/inventory-hc",
            "log_config": [
              {
                "enable": false
              }
            ],
            "name": "inventory-hc",
            "project": "flooid-488720",
            "self_link": "https://www.googleapis.com/compute/v1/projects/flooid-488720/global/healthChecks/inventory-hc",
            "source_regions": null,
            "ssl_health_check": [],
            "tcp_health_check": [],
            "timeout_sec": 5,
            "timeouts": null,
            "type": "HTTP",
            "unhealthy_threshold": 2
          },
          "sensitive_attributes": [],
          "identity_schema_version": 0,
          "private": "eyJlMmJmYjczMC1lY2FhLTExZTYtOGY4OC0zNDM2M2JjN2M0YzAiOnsiY3JlYXRlIjoxMjAwMDAwMDAwMDAwLCJkZWxldGUiOjEyMDAwMDAwMDAwMDAsInVwZGF0ZSI6MTIwMDAwMDAwMDAwMH19"
        }
      ]
    },
    {
      "module": "module.mig[\"inventory\"]",
      "mode": "managed",
      "type": "google_compute_instance_template",
      "name": "tpl",
      "provider": "provider[\"registry.terraform.io/hashicorp/google\"]",
      "instances": [
        {
          "schema_version": 1,
          "attributes": {
            "advanced_machine_features": [],
            "can_ip_forward": false,
            "confidential_instance_config": null,
            "description": "",
            "disk": [
              {
                "auto_delete": true,
                "boot": true,
                "device_name": "persistent-disk-0",
                "disk_encryption_key": [],
                "disk_name": "",
                "disk_size_gb": 20,
                "disk_type": "pd-balanced",
                "interface": "SCSI",
                "labels": null,
                "mode": "READ_WRITE",
                "provisioned_iops": 0,
                "resource_manager_tags": null,
                "resource_policies": null,
                "source": "",
                "source_image": "projects/ubuntu-os-cloud/global/images/family/ubuntu-2204-lts",
                "source_image_encryption_key": [],
                "source_snapshot": "",
                "source_snapshot_encryption_key": [],
                "type": "PERSISTENT"
              }
            ],
            "effective_labels": {},
            "guest_accelerator": [],
            "id": "projects/flooid-488720/global/instanceTemplates/inventory-tpl-20260308070539981200000004",
            "instance_description": "",
            "labels": null,
            "machine_type": "e2-medium",
            "metadata": null,
            "metadata_fingerprint": "BHX_WCVDqL0=",
            "metadata_startup_script": "#!/bin/bash\necho \"booted\" \u003e /tmp/booted.txt\n",
            "min_cpu_platform": "",
            "name": "inventory-tpl-20260308070539981200000004",
            "name_prefix": "inventory-tpl-",
            "network_interface": [
              {
                "access_config": [
                  {
                    "nat_ip": "",
                    "network_tier": "PREMIUM",
                    "public_ptr_domain_name": ""
                  }
                ],
                "alias_ip_range": [],
                "internal_ipv6_prefix_length": 0,
                "ipv6_access_config": [],
                "ipv6_access_type": "",
                "ipv6_address": "",
                "name": "nic0",
                "network": "https://www.googleapis.com/compute/v1/projects/flooid-488720/global/networks/default",
                "network_ip": "",
                "nic_type": "",
                "queue_count": 0,
                "stack_type": "",
                "subnetwork": "https://www.googleapis.com/compute/v1/projects/flooid-488720/regions/us-central1/subnetworks/default",
                "subnetwork_project": "flooid-488720"
              }
            ],
            "network_performance_config": [],
            "project": "flooid-488720",
            "region": "us-central1",
            "reservation_affinity": [],
            "resource_manager_tags": null,
            "resource_policies": null,
            "scheduling": [
              {
                "automatic_restart": true,
                "instance_termination_action": "",
                "local_ssd_recovery_timeout": [],
                "max_run_duration": [],
                "min_node_cpus": 0,
                "node_affinities": [],
                "on_host_maintenance": "MIGRATE",
                "on_instance_stop_action": [],
                "preemptible": false,
                "provisioning_model": "STANDARD"
              }
            ],
            "self_link": "https://www.googleapis.com/compute/v1/projects/flooid-488720/global/instanceTemplates/inventory-tpl-20260308070539981200000004",
            "self_link_unique": "https://www.googleapis.com/compute/v1/projects/flooid-488720/global/instanceTemplates/inventory-tpl-20260308070539981200000004?uniqueId=1719182369782538539",
            "service_account": [
              {
                "email": "manny-563@flooid-488720.iam.gserviceaccount.com",
                "scopes": [
                  "https://www.googleapis.com/auth/cloud-platform"
                ]
              }
            ],
            "shielded_instance_config": [],
            "tags": [
              "inventory-tomcat"
            ],
            "tags_fingerprint": "",
            "terraform_labels": {},
            "timeouts": null
          },
          "sensitive_attributes": [],
          "identity_schema_version": 0,
          "private": "eyJlMmJmYjczMC1lY2FhLTExZTYtOGY4OC0zNDM2M2JjN2M0YzAiOnsiY3JlYXRlIjoyNDAwMDAwMDAwMDAsImRlbGV0ZSI6MjQwMDAwMDAwMDAwfSwic2NoZW1hX3ZlcnNpb24iOiIxIn0=",
          "dependencies": [
            "data.google_compute_network.vpc",
            "data.google_compute_subnetwork.subnet"
          ]
        }
      ]
    },
    {
      "module": "module.mig[\"inventory\"]",
      "mode": "managed",
      "type": "google_compute_region_autoscaler",
      "name": "as",
      "provider": "provider[\"registry.terraform.io/hashicorp/google\"]",
      "instances": [
        {
          "schema_version": 0,
          "attributes": {
            "autoscaling_policy": [
              {
                "cooldown_period": 60,
                "cpu_utilization": [
                  {
                    "predictive_method": "NONE",
                    "target": 0.8
                  }
                ],
                "load_balancing_utilization": [],
                "max_replicas": 2,
                "metric": [],
                "min_replicas": 1,
                "mode": "ON",
                "scale_in_control": [],
                "scaling_schedules": []
              }
            ],
            "creation_timestamp": "2026-03-07T23:07:33.589-08:00",
            "description": "",
            "id": "projects/flooid-488720/regions/us-central1/autoscalers/inventory-as",
            "name": "inventory-as",
            "project": "flooid-488720",
            "region": "us-central1",
            "self_link": "https://www.googleapis.com/compute/v1/projects/flooid-488720/regions/us-central1/autoscalers/inventory-as",
            "target": "https://www.googleapis.com/compute/v1/projects/flooid-488720/regions/us-central1/instanceGroupManagers/inventory-mig",
            "timeouts": null
          },
          "sensitive_attributes": [],
          "identity_schema_version": 0,
          "private": "eyJlMmJmYjczMC1lY2FhLTExZTYtOGY4OC0zNDM2M2JjN2M0YzAiOnsiY3JlYXRlIjoxMjAwMDAwMDAwMDAwLCJkZWxldGUiOjEyMDAwMDAwMDAwMDAsInVwZGF0ZSI6MTIwMDAwMDAwMDAwMH19",
          "dependencies": [
            "data.google_compute_network.vpc",
            "data.google_compute_subnetwork.subnet",
            "module.mig.google_compute_health_check.http",
            "module.mig.google_compute_instance_template.tpl",
            "module.mig.google_compute_region_instance_group_manager.mig"
          ]
        }
      ]
    },
    {
      "module": "module.mig[\"inventory\"]",
      "mode": "managed",
      "type": "google_compute_region_instance_group_manager",
      "name": "mig",
      "provider": "provider[\"registry.terraform.io/hashicorp/google\"]",
      "instances": [
        {
          "schema_version": 0,
          "attributes": {
            "all_instances_config": [],
            "auto_healing_policies": [
              {
                "health_check": "https://www.googleapis.com/compute/v1/projects/flooid-488720/global/healthChecks/inventory-hc",
                "initial_delay_sec": 120
              }
            ],
            "base_instance_name": "inventory",
            "creation_timestamp": "2026-03-07T23:05:52.030-08:00",
            "description": "",
            "distribution_policy_target_shape": "EVEN",
            "distribution_policy_zones": [
              "us-central1-b",
              "us-central1-c",
              "us-central1-f"
            ],
            "fingerprint": "pBfqdk_ynxg=",
            "id": "projects/flooid-488720/regions/us-central1/instanceGroupManagers/inventory-mig",
            "instance_group": "https://www.googleapis.com/compute/v1/projects/flooid-488720/regions/us-central1/instanceGroups/inventory-mig",
            "instance_lifecycle_policy": [
              {
                "default_action_on_failure": "REPAIR",
                "force_update_on_repair": "NO"
              }
            ],
            "list_managed_instances_results": "PAGELESS",
            "name": "inventory-mig",
            "named_port": [
              {
                "name": "http",
                "port": 8080
              }
            ],
            "project": "flooid-488720",
            "region": "us-central1",
            "self_link": "https://www.googleapis.com/compute/v1/projects/flooid-488720/regions/us-central1/instanceGroupManagers/inventory-mig",
            "stateful_disk": [],
            "stateful_external_ip": [],
            "stateful_internal_ip": [],
            "status": [
              {
                "all_instances_config": [
                  {
                    "current_revision": "",
                    "effective": true
                  }
                ],
                "is_stable": false,
                "stateful": [
                  {
                    "has_stateful_config": false,
                    "per_instance_configs": [
                      {
                        "all_effective": true
                      }
                    ]
                  }
                ],
                "version_target": [
                  {
                    "is_reached": true
                  }
                ]
              }
            ],
            "target_pools": null,
            "target_size": 1,
            "timeouts": null,
            "update_policy": [
              {
                "instance_redistribution_type": "PROACTIVE",
                "max_surge_fixed": 3,
                "max_surge_percent": 0,
                "max_unavailable_fixed": 3,
                "max_unavailable_percent": 0,
                "minimal_action": "REPLACE",
                "most_disruptive_allowed_action": "",
                "replacement_method": "SUBSTITUTE",
                "type": "OPPORTUNISTIC"
              }
            ],
            "version": [
              {
                "instance_template": "https://www.googleapis.com/compute/v1/projects/flooid-488720/global/instanceTemplates/inventory-tpl-20260308070539981200000004",
                "name": "",
                "target_size": []
              }
            ],
            "wait_for_instances": false,
            "wait_for_instances_status": "STABLE"
          },
          "sensitive_attributes": [],
          "identity_schema_version": 0,
          "private": "eyJlMmJmYjczMC1lY2FhLTExZTYtOGY4OC0zNDM2M2JjN2M0YzAiOnsiY3JlYXRlIjo5MDAwMDAwMDAwMDAsImRlbGV0ZSI6OTAwMDAwMDAwMDAwLCJ1cGRhdGUiOjkwMDAwMDAwMDAwMH19",
          "dependencies": [
            "data.google_compute_network.vpc",
            "data.google_compute_subnetwork.subnet",
            "module.mig.google_compute_health_check.http",
            "module.mig.google_compute_instance_template.tpl"
          ]
        }
      ]
    },
    {
      "module": "module.mig[\"orders\"]",
      "mode": "managed",
      "type": "google_compute_firewall",
      "name": "allow_tomcat_8080",
      "provider": "provider[\"registry.terraform.io/hashicorp/google\"]",
      "instances": [
        {
          "schema_version": 1,
          "attributes": {
            "allow": [
              {
                "ports": [
                  "8080"
                ],
                "protocol": "tcp"
              }
            ],
            "creation_timestamp": "2026-03-07T23:05:29.414-08:00",
            "deny": [],
            "description": "",
            "destination_ranges": [],
            "direction": "INGRESS",
            "disabled": false,
            "enable_logging": null,
            "id": "projects/flooid-488720/global/firewalls/orders-allow-8080",
            "log_config": [],
            "name": "orders-allow-8080",
            "network": "https://www.googleapis.com/compute/v1/projects/flooid-488720/global/networks/default",
            "priority": 1000,
            "project": "flooid-488720",
            "self_link": "https://www.googleapis.com/compute/v1/projects/flooid-488720/global/firewalls/orders-allow-8080",
            "source_ranges": [
              "130.211.0.0/22",
              "35.191.0.0/16"
            ],
            "source_service_accounts": null,
            "source_tags": null,
            "target_service_accounts": null,
            "target_tags": [
              "orders-tomcat"
            ],
            "timeouts": null
          },
          "sensitive_attributes": [],
          "identity_schema_version": 0,
          "private": "eyJlMmJmYjczMC1lY2FhLTExZTYtOGY4OC0zNDM2M2JjN2M0YzAiOnsiY3JlYXRlIjoxMjAwMDAwMDAwMDAwLCJkZWxldGUiOjEyMDAwMDAwMDAwMDAsInVwZGF0ZSI6MTIwMDAwMDAwMDAwMH0sInNjaGVtYV92ZXJzaW9uIjoiMSJ9",
          "dependencies": [
            "data.google_compute_network.vpc"
          ]
        }
      ]
    },
    {
      "module": "module.mig[\"orders\"]",
      "mode": "managed",
      "type": "google_compute_health_check",
      "name": "http",
      "provider": "provider[\"registry.terraform.io/hashicorp/google\"]",
      "instances": [
        {
          "schema_version": 0,
          "attributes": {
            "check_interval_sec": 5,
            "creation_timestamp": "2026-03-07T23:05:29.217-08:00",
            "description": "",
            "grpc_health_check": [],
            "healthy_threshold": 2,
            "http2_health_check": [],
            "http_health_check": [
              {
                "host": "",
                "port": 8080,
                "port_name": "",
                "port_specification": "",
                "proxy_header": "NONE",
                "request_path": "/",
                "response": ""
              }
            ],
            "https_health_check": [],
            "id": "projects/flooid-488720/global/healthChecks/orders-hc",
            "log_config": [
              {
                "enable": false
              }
            ],
            "name": "orders-hc",
            "project": "flooid-488720",
            "self_link": "https://www.googleapis.com/compute/v1/projects/flooid-488720/global/healthChecks/orders-hc",
            "source_regions": null,
            "ssl_health_check": [],
            "tcp_health_check": [],
            "timeout_sec": 5,
            "timeouts": null,
            "type": "HTTP",
            "unhealthy_threshold": 2
          },
          "sensitive_attributes": [],
          "identity_schema_version": 0,
          "private": "eyJlMmJmYjczMC1lY2FhLTExZTYtOGY4OC0zNDM2M2JjN2M0YzAiOnsiY3JlYXRlIjoxMjAwMDAwMDAwMDAwLCJkZWxldGUiOjEyMDAwMDAwMDAwMDAsInVwZGF0ZSI6MTIwMDAwMDAwMDAwMH19"
        }
      ]
    },
    {
      "module": "module.mig[\"orders\"]",
      "mode": "managed",
      "type": "google_compute_instance_template",
      "name": "tpl",
      "provider": "provider[\"registry.terraform.io/hashicorp/google\"]",
      "instances": [
        {
          "schema_version": 1,
          "attributes": {
            "advanced_machine_features": [],
            "can_ip_forward": false,
            "confidential_instance_config": null,
            "description": "",
            "disk": [
              {
                "auto_delete": true,
                "boot": true,
                "device_name": "persistent-disk-0",
                "disk_encryption_key": [],
                "disk_name": "",
                "disk_size_gb": 20,
                "disk_type": "pd-balanced",
                "interface": "SCSI",
                "labels": null,
                "mode": "READ_WRITE",
                "provisioned_iops": 0,
                "resource_manager_tags": null,
                "resource_policies": null,
                "source": "",
                "source_image": "projects/ubuntu-os-cloud/global/images/family/ubuntu-2204-lts",
                "source_image_encryption_key": [],
                "source_snapshot": "",
                "source_snapshot_encryption_key": [],
                "type": "PERSISTENT"
              }
            ],
            "effective_labels": {},
            "guest_accelerator": [],
            "id": "projects/flooid-488720/global/instanceTemplates/orders-tpl-20260308070539993500000005",
            "instance_description": "",
            "labels": null,
            "machine_type": "e2-medium",
            "metadata": null,
            "metadata_fingerprint": "BHX_WCVDqL0=",
            "metadata_startup_script": "#!/bin/bash\necho \"booted\" \u003e /tmp/booted.txt\n",
            "min_cpu_platform": "",
            "name": "orders-tpl-20260308070539993500000005",
            "name_prefix": "orders-tpl-",
            "network_interface": [
              {
                "access_config": [
                  {
                    "nat_ip": "",
                    "network_tier": "PREMIUM",
                    "public_ptr_domain_name": ""
                  }
                ],
                "alias_ip_range": [],
                "internal_ipv6_prefix_length": 0,
                "ipv6_access_config": [],
                "ipv6_access_type": "",
                "ipv6_address": "",
                "name": "nic0",
                "network": "https://www.googleapis.com/compute/v1/projects/flooid-488720/global/networks/default",
                "network_ip": "",
                "nic_type": "",
                "queue_count": 0,
                "stack_type": "",
                "subnetwork": "https://www.googleapis.com/compute/v1/projects/flooid-488720/regions/us-central1/subnetworks/default",
                "subnetwork_project": "flooid-488720"
              }
            ],
            "network_performance_config": [],
            "project": "flooid-488720",
            "region": "us-central1",
            "reservation_affinity": [],
            "resource_manager_tags": null,
            "resource_policies": null,
            "scheduling": [
              {
                "automatic_restart": true,
                "instance_termination_action": "",
                "local_ssd_recovery_timeout": [],
                "max_run_duration": [],
                "min_node_cpus": 0,
                "node_affinities": [],
                "on_host_maintenance": "MIGRATE",
                "on_instance_stop_action": [],
                "preemptible": false,
                "provisioning_model": "STANDARD"
              }
            ],
            "self_link": "https://www.googleapis.com/compute/v1/projects/flooid-488720/global/instanceTemplates/orders-tpl-20260308070539993500000005",
            "self_link_unique": "https://www.googleapis.com/compute/v1/projects/flooid-488720/global/instanceTemplates/orders-tpl-20260308070539993500000005?uniqueId=6103554499585024299",
            "service_account": [
              {
                "email": "manny-563@flooid-488720.iam.gserviceaccount.com",
                "scopes": [
                  "https://www.googleapis.com/auth/cloud-platform"
                ]
              }
            ],
            "shielded_instance_config": [],
            "tags": [
              "orders-tomcat"
            ],
            "tags_fingerprint": "",
            "terraform_labels": {},
            "timeouts": null
          },
          "sensitive_attributes": [],
          "identity_schema_version": 0,
          "private": "eyJlMmJmYjczMC1lY2FhLTExZTYtOGY4OC0zNDM2M2JjN2M0YzAiOnsiY3JlYXRlIjoyNDAwMDAwMDAwMDAsImRlbGV0ZSI6MjQwMDAwMDAwMDAwfSwic2NoZW1hX3ZlcnNpb24iOiIxIn0=",
          "dependencies": [
            "data.google_compute_network.vpc",
            "data.google_compute_subnetwork.subnet"
          ]
        }
      ]
    },
    {
      "module": "module.mig[\"orders\"]",
      "mode": "managed",
      "type": "google_compute_region_autoscaler",
      "name": "as",
      "provider": "provider[\"registry.terraform.io/hashicorp/google\"]",
      "instances": [
        {
          "schema_version": 0,
          "attributes": {
            "autoscaling_policy": [
              {
                "cooldown_period": 60,
                "cpu_utilization": [
                  {
                    "predictive_method": "NONE",
                    "target": 0.8
                  }
                ],
                "load_balancing_utilization": [],
                "max_replicas": 2,
                "metric": [],
                "min_replicas": 1,
                "mode": "ON",
                "scale_in_control": [],
                "scaling_schedules": []
              }
            ],
            "creation_timestamp": "2026-03-07T23:07:33.610-08:00",
            "description": "",
            "id": "projects/flooid-488720/regions/us-central1/autoscalers/orders-as",
            "name": "orders-as",
            "project": "flooid-488720",
            "region": "us-central1",
            "self_link": "https://www.googleapis.com/compute/v1/projects/flooid-488720/regions/us-central1/autoscalers/orders-as",
            "target": "https://www.googleapis.com/compute/v1/projects/flooid-488720/regions/us-central1/instanceGroupManagers/orders-mig",
            "timeouts": null
          },
          "sensitive_attributes": [],
          "identity_schema_version": 0,
          "private": "eyJlMmJmYjczMC1lY2FhLTExZTYtOGY4OC0zNDM2M2JjN2M0YzAiOnsiY3JlYXRlIjoxMjAwMDAwMDAwMDAwLCJkZWxldGUiOjEyMDAwMDAwMDAwMDAsInVwZGF0ZSI6MTIwMDAwMDAwMDAwMH19",
          "dependencies": [
            "data.google_compute_network.vpc",
            "data.google_compute_subnetwork.subnet",
            "module.mig.google_compute_health_check.http",
            "module.mig.google_compute_instance_template.tpl",
            "module.mig.google_compute_region_instance_group_manager.mig"
          ]
        }
      ]
    },
    {
      "module": "module.mig[\"orders\"]",
      "mode": "managed",
      "type": "google_compute_region_instance_group_manager",
      "name": "mig",
      "provider": "provider[\"registry.terraform.io/hashicorp/google\"]",
      "instances": [
        {
          "schema_version": 0,
          "attributes": {
            "all_instances_config": [],
            "auto_healing_policies": [
              {
                "health_check": "https://www.googleapis.com/compute/v1/projects/flooid-488720/global/healthChecks/orders-hc",
                "initial_delay_sec": 120
              }
            ],
            "base_instance_name": "orders",
            "creation_timestamp": "2026-03-07T23:05:52.288-08:00",
            "description": "",
            "distribution_policy_target_shape": "EVEN",
            "distribution_policy_zones": [
              "us-central1-b",
              "us-central1-c",
              "us-central1-f"
            ],
            "fingerprint": "OMvFnUmMrIM=",
            "id": "projects/flooid-488720/regions/us-central1/instanceGroupManagers/orders-mig",
            "instance_group": "https://www.googleapis.com/compute/v1/projects/flooid-488720/regions/us-central1/instanceGroups/orders-mig",
            "instance_lifecycle_policy": [
              {
                "default_action_on_failure": "REPAIR",
                "force_update_on_repair": "NO"
              }
            ],
            "list_managed_instances_results": "PAGELESS",
            "name": "orders-mig",
            "named_port": [
              {
                "name": "http",
                "port": 8080
              }
            ],
            "project": "flooid-488720",
            "region": "us-central1",
            "self_link": "https://www.googleapis.com/compute/v1/projects/flooid-488720/regions/us-central1/instanceGroupManagers/orders-mig",
            "stateful_disk": [],
            "stateful_external_ip": [],
            "stateful_internal_ip": [],
            "status": [
              {
                "all_instances_config": [
                  {
                    "current_revision": "",
                    "effective": true
                  }
                ],
                "is_stable": false,
                "stateful": [
                  {
                    "has_stateful_config": false,
                    "per_instance_configs": [
                      {
                        "all_effective": true
                      }
                    ]
                  }
                ],
                "version_target": [
                  {
                    "is_reached": true
                  }
                ]
              }
            ],
            "target_pools": null,
            "target_size": 1,
            "timeouts": null,
            "update_policy": [
              {
                "instance_redistribution_type": "PROACTIVE",
                "max_surge_fixed": 3,
                "max_surge_percent": 0,
                "max_unavailable_fixed": 3,
                "max_unavailable_percent": 0,
                "minimal_action": "REPLACE",
                "most_disruptive_allowed_action": "",
                "replacement_method": "SUBSTITUTE",
                "type": "OPPORTUNISTIC"
              }
            ],
            "version": [
              {
                "instance_template": "https://www.googleapis.com/compute/v1/projects/flooid-488720/global/instanceTemplates/orders-tpl-20260308070539993500000005",
                "name": "",
                "target_size": []
              }
            ],
            "wait_for_instances": false,
            "wait_for_instances_status": "STABLE"
          },
          "sensitive_attributes": [],
          "identity_schema_version": 0,
          "private": "eyJlMmJmYjczMC1lY2FhLTExZTYtOGY4OC0zNDM2M2JjN2M0YzAiOnsiY3JlYXRlIjo5MDAwMDAwMDAwMDAsImRlbGV0ZSI6OTAwMDAwMDAwMDAwLCJ1cGRhdGUiOjkwMDAwMDAwMDAwMH19",
          "dependencies": [
            "data.google_compute_network.vpc",
            "data.google_compute_subnetwork.subnet",
            "module.mig.google_compute_health_check.http",
            "module.mig.google_compute_instance_template.tpl"
          ]
        }
      ]
    },
    {
      "module": "module.mig[\"payments\"]",
      "mode": "managed",
      "type": "google_compute_firewall",
      "name": "allow_tomcat_8080",
      "provider": "provider[\"registry.terraform.io/hashicorp/google\"]",
      "instances": [
        {
          "schema_version": 1,
          "attributes": {
            "allow": [
              {
                "ports": [
                  "8080"
                ],
                "protocol": "tcp"
              }
            ],
            "creation_timestamp": "2026-03-07T23:05:29.414-08:00",
            "deny": [],
            "description": "",
            "destination_ranges": [],
            "direction": "INGRESS",
            "disabled": false,
            "enable_logging": null,
            "id": "projects/flooid-488720/global/firewalls/payments-allow-8080",
            "log_config": [],
            "name": "payments-allow-8080",
            "network": "https://www.googleapis.com/compute/v1/projects/flooid-488720/global/networks/default",
            "priority": 1000,
            "project": "flooid-488720",
            "self_link": "https://www.googleapis.com/compute/v1/projects/flooid-488720/global/firewalls/payments-allow-8080",
            "source_ranges": [
              "130.211.0.0/22",
              "35.191.0.0/16"
            ],
            "source_service_accounts": null,
            "source_tags": null,
            "target_service_accounts": null,
            "target_tags": [
              "payments-tomcat"
            ],
            "timeouts": null
          },
          "sensitive_attributes": [],
          "identity_schema_version": 0,
          "private": "eyJlMmJmYjczMC1lY2FhLTExZTYtOGY4OC0zNDM2M2JjN2M0YzAiOnsiY3JlYXRlIjoxMjAwMDAwMDAwMDAwLCJkZWxldGUiOjEyMDAwMDAwMDAwMDAsInVwZGF0ZSI6MTIwMDAwMDAwMDAwMH0sInNjaGVtYV92ZXJzaW9uIjoiMSJ9",
          "dependencies": [
            "data.google_compute_network.vpc"
          ]
        }
      ]
    },
    {
      "module": "module.mig[\"payments\"]",
      "mode": "managed",
      "type": "google_compute_health_check",
      "name": "http",
      "provider": "provider[\"registry.terraform.io/hashicorp/google\"]",
      "instances": [
        {
          "schema_version": 0,
          "attributes": {
            "check_interval_sec": 5,
            "creation_timestamp": "2026-03-07T23:05:29.216-08:00",
            "description": "",
            "grpc_health_check": [],
            "healthy_threshold": 2,
            "http2_health_check": [],
            "http_health_check": [
              {
                "host": "",
                "port": 8080,
                "port_name": "",
                "port_specification": "",
                "proxy_header": "NONE",
                "request_path": "/",
                "response": ""
              }
            ],
            "https_health_check": [],
            "id": "projects/flooid-488720/global/healthChecks/payments-hc",
            "log_config": [
              {
                "enable": false
              }
            ],
            "name": "payments-hc",
            "project": "flooid-488720",
            "self_link": "https://www.googleapis.com/compute/v1/projects/flooid-488720/global/healthChecks/payments-hc",
            "source_regions": null,
            "ssl_health_check": [],
            "tcp_health_check": [],
            "timeout_sec": 5,
            "timeouts": null,
            "type": "HTTP",
            "unhealthy_threshold": 2
          },
          "sensitive_attributes": [],
          "identity_schema_version": 0,
          "private": "eyJlMmJmYjczMC1lY2FhLTExZTYtOGY4OC0zNDM2M2JjN2M0YzAiOnsiY3JlYXRlIjoxMjAwMDAwMDAwMDAwLCJkZWxldGUiOjEyMDAwMDAwMDAwMDAsInVwZGF0ZSI6MTIwMDAwMDAwMDAwMH19"
        }
      ]
    },
    {
      "module": "module.mig[\"payments\"]",
      "mode": "managed",
      "type": "google_compute_instance_template",
      "name": "tpl",
      "provider": "provider[\"registry.terraform.io/hashicorp/google\"]",
      "instances": [
        {
          "schema_version": 1,
          "attributes": {
            "advanced_machine_features": [],
            "can_ip_forward": false,
            "confidential_instance_config": null,
            "description": "",
            "disk": [
              {
                "auto_delete": true,
                "boot": true,
                "device_name": "persistent-disk-0",
                "disk_encryption_key": [],
                "disk_name": "",
                "disk_size_gb": 20,
                "disk_type": "pd-balanced",
                "interface": "SCSI",
                "labels": null,
                "mode": "READ_WRITE",
                "provisioned_iops": 0,
                "resource_manager_tags": null,
                "resource_policies": null,
                "source": "",
                "source_image": "projects/ubuntu-os-cloud/global/images/family/ubuntu-2204-lts",
                "source_image_encryption_key": [],
                "source_snapshot": "",
                "source_snapshot_encryption_key": [],
                "type": "PERSISTENT"
              }
            ],
            "effective_labels": {},
            "guest_accelerator": [],
            "id": "projects/flooid-488720/global/instanceTemplates/payments-tpl-20260308070539925700000003",
            "instance_description": "",
            "labels": null,
            "machine_type": "e2-medium",
            "metadata": null,
            "metadata_fingerprint": "BHX_WCVDqL0=",
            "metadata_startup_script": "#!/bin/bash\necho \"booted\" \u003e /tmp/booted.txt\n",
            "min_cpu_platform": "",
            "name": "payments-tpl-20260308070539925700000003",
            "name_prefix": "payments-tpl-",
            "network_interface": [
              {
                "access_config": [
                  {
                    "nat_ip": "",
                    "network_tier": "PREMIUM",
                    "public_ptr_domain_name": ""
                  }
                ],
                "alias_ip_range": [],
                "internal_ipv6_prefix_length": 0,
                "ipv6_access_config": [],
                "ipv6_access_type": "",
                "ipv6_address": "",
                "name": "nic0",
                "network": "https://www.googleapis.com/compute/v1/projects/flooid-488720/global/networks/default",
                "network_ip": "",
                "nic_type": "",
                "queue_count": 0,
                "stack_type": "",
                "subnetwork": "https://www.googleapis.com/compute/v1/projects/flooid-488720/regions/us-central1/subnetworks/default",
                "subnetwork_project": "flooid-488720"
              }
            ],
            "network_performance_config": [],
            "project": "flooid-488720",
            "region": "us-central1",
            "reservation_affinity": [],
            "resource_manager_tags": null,
            "resource_policies": null,
            "scheduling": [
              {
                "automatic_restart": true,
                "instance_termination_action": "",
                "local_ssd_recovery_timeout": [],
                "max_run_duration": [],
                "min_node_cpus": 0,
                "node_affinities": [],
                "on_host_maintenance": "MIGRATE",
                "on_instance_stop_action": [],
                "preemptible": false,
                "provisioning_model": "STANDARD"
              }
            ],
            "self_link": "https://www.googleapis.com/compute/v1/projects/flooid-488720/global/instanceTemplates/payments-tpl-20260308070539925700000003",
            "self_link_unique": "https://www.googleapis.com/compute/v1/projects/flooid-488720/global/instanceTemplates/payments-tpl-20260308070539925700000003?uniqueId=69296366928568620",
            "service_account": [
              {
                "email": "manny-563@flooid-488720.iam.gserviceaccount.com",
                "scopes": [
                  "https://www.googleapis.com/auth/cloud-platform"
                ]
              }
            ],
            "shielded_instance_config": [],
            "tags": [
              "payments-tomcat"
            ],
            "tags_fingerprint": "",
            "terraform_labels": {},
            "timeouts": null
          },
          "sensitive_attributes": [],
          "identity_schema_version": 0,
          "private": "eyJlMmJmYjczMC1lY2FhLTExZTYtOGY4OC0zNDM2M2JjN2M0YzAiOnsiY3JlYXRlIjoyNDAwMDAwMDAwMDAsImRlbGV0ZSI6MjQwMDAwMDAwMDAwfSwic2NoZW1hX3ZlcnNpb24iOiIxIn0=",
          "dependencies": [
            "data.google_compute_network.vpc",
            "data.google_compute_subnetwork.subnet"
          ]
        }
      ]
    },
    {
      "module": "module.mig[\"payments\"]",
      "mode": "managed",
      "type": "google_compute_region_autoscaler",
      "name": "as",
      "provider": "provider[\"registry.terraform.io/hashicorp/google\"]",
      "instances": [
        {
          "schema_version": 0,
          "attributes": {
            "autoscaling_policy": [
              {
                "cooldown_period": 60,
                "cpu_utilization": [
                  {
                    "predictive_method": "NONE",
                    "target": 0.8
                  }
                ],
                "load_balancing_utilization": [],
                "max_replicas": 2,
                "metric": [],
                "min_replicas": 1,
                "mode": "ON",
                "scale_in_control": [],
                "scaling_schedules": []
              }
            ],
            "creation_timestamp": "2026-03-07T23:07:33.597-08:00",
            "description": "",
            "id": "projects/flooid-488720/regions/us-central1/autoscalers/payments-as",
            "name": "payments-as",
            "project": "flooid-488720",
            "region": "us-central1",
            "self_link": "https://www.googleapis.com/compute/v1/projects/flooid-488720/regions/us-central1/autoscalers/payments-as",
            "target": "https://www.googleapis.com/compute/v1/projects/flooid-488720/regions/us-central1/instanceGroupManagers/payments-mig",
            "timeouts": null
          },
          "sensitive_attributes": [],
          "identity_schema_version": 0,
          "private": "eyJlMmJmYjczMC1lY2FhLTExZTYtOGY4OC0zNDM2M2JjN2M0YzAiOnsiY3JlYXRlIjoxMjAwMDAwMDAwMDAwLCJkZWxldGUiOjEyMDAwMDAwMDAwMDAsInVwZGF0ZSI6MTIwMDAwMDAwMDAwMH19",
          "dependencies": [
            "data.google_compute_network.vpc",
            "data.google_compute_subnetwork.subnet",
            "module.mig.google_compute_health_check.http",
            "module.mig.google_compute_instance_template.tpl",
            "module.mig.google_compute_region_instance_group_manager.mig"
          ]
        }
      ]
    },
    {
      "module": "module.mig[\"payments\"]",
      "mode": "managed",
      "type": "google_compute_region_instance_group_manager",
      "name": "mig",
      "provider": "provider[\"registry.terraform.io/hashicorp/google\"]",
      "instances": [
        {
          "schema_version": 0,
          "attributes": {
            "all_instances_config": [],
            "auto_healing_policies": [
              {
                "health_check": "https://www.googleapis.com/compute/v1/projects/flooid-488720/global/healthChecks/payments-hc",
                "initial_delay_sec": 120
              }
            ],
            "base_instance_name": "payments",
            "creation_timestamp": "2026-03-07T23:05:51.962-08:00",
            "description": "",
            "distribution_policy_target_shape": "EVEN",
            "distribution_policy_zones": [
              "us-central1-b",
              "us-central1-c",
              "us-central1-f"
            ],
            "fingerprint": "5_PSt576jU8=",
            "id": "projects/flooid-488720/regions/us-central1/instanceGroupManagers/payments-mig",
            "instance_group": "https://www.googleapis.com/compute/v1/projects/flooid-488720/regions/us-central1/instanceGroups/payments-mig",
            "instance_lifecycle_policy": [
              {
                "default_action_on_failure": "REPAIR",
                "force_update_on_repair": "NO"
              }
            ],
            "list_managed_instances_results": "PAGELESS",
            "name": "payments-mig",
            "named_port": [
              {
                "name": "http",
                "port": 8080
              }
            ],
            "project": "flooid-488720",
            "region": "us-central1",
            "self_link": "https://www.googleapis.com/compute/v1/projects/flooid-488720/regions/us-central1/instanceGroupManagers/payments-mig",
            "stateful_disk": [],
            "stateful_external_ip": [],
            "stateful_internal_ip": [],
            "status": [
              {
                "all_instances_config": [
                  {
                    "current_revision": "",
                    "effective": true
                  }
                ],
                "is_stable": false,
                "stateful": [
                  {
                    "has_stateful_config": false,
                    "per_instance_configs": [
                      {
                        "all_effective": true
                      }
                    ]
                  }
                ],
                "version_target": [
                  {
                    "is_reached": true
                  }
                ]
              }
            ],
            "target_pools": null,
            "target_size": 1,
            "timeouts": null,
            "update_policy": [
              {
                "instance_redistribution_type": "PROACTIVE",
                "max_surge_fixed": 3,
                "max_surge_percent": 0,
                "max_unavailable_fixed": 3,
                "max_unavailable_percent": 0,
                "minimal_action": "REPLACE",
                "most_disruptive_allowed_action": "",
                "replacement_method": "SUBSTITUTE",
                "type": "OPPORTUNISTIC"
              }
            ],
            "version": [
              {
                "instance_template": "https://www.googleapis.com/compute/v1/projects/flooid-488720/global/instanceTemplates/payments-tpl-20260308070539925700000003",
                "name": "",
                "target_size": []
              }
            ],
            "wait_for_instances": false,
            "wait_for_instances_status": "STABLE"
          },
          "sensitive_attributes": [],
          "identity_schema_version": 0,
          "private": "eyJlMmJmYjczMC1lY2FhLTExZTYtOGY4OC0zNDM2M2JjN2M0YzAiOnsiY3JlYXRlIjo5MDAwMDAwMDAwMDAsImRlbGV0ZSI6OTAwMDAwMDAwMDAwLCJ1cGRhdGUiOjkwMDAwMDAwMDAwMH19",
          "dependencies": [
            "data.google_compute_network.vpc",
            "data.google_compute_subnetwork.subnet",
            "module.mig.google_compute_health_check.http",
            "module.mig.google_compute_instance_template.tpl"
          ]
        }
      ]
    },
    {
      "module": "module.mig[\"users\"]",
      "mode": "managed",
      "type": "google_compute_firewall",
      "name": "allow_tomcat_8080",
      "provider": "provider[\"registry.terraform.io/hashicorp/google\"]",
      "instances": [
        {
          "schema_version": 1,
          "attributes": {
            "allow": [
              {
                "ports": [
                  "8080"
                ],
                "protocol": "tcp"
              }
            ],
            "creation_timestamp": "2026-03-07T23:05:29.375-08:00",
            "deny": [],
            "description": "",
            "destination_ranges": [],
            "direction": "INGRESS",
            "disabled": false,
            "enable_logging": null,
            "id": "projects/flooid-488720/global/firewalls/users-allow-8080",
            "log_config": [],
            "name": "users-allow-8080",
            "network": "https://www.googleapis.com/compute/v1/projects/flooid-488720/global/networks/default",
            "priority": 1000,
            "project": "flooid-488720",
            "self_link": "https://www.googleapis.com/compute/v1/projects/flooid-488720/global/firewalls/users-allow-8080",
            "source_ranges": [
              "130.211.0.0/22",
              "35.191.0.0/16"
            ],
            "source_service_accounts": null,
            "source_tags": null,
            "target_service_accounts": null,
            "target_tags": [
              "users-tomcat"
            ],
            "timeouts": null
          },
          "sensitive_attributes": [],
          "identity_schema_version": 0,
          "private": "eyJlMmJmYjczMC1lY2FhLTExZTYtOGY4OC0zNDM2M2JjN2M0YzAiOnsiY3JlYXRlIjoxMjAwMDAwMDAwMDAwLCJkZWxldGUiOjEyMDAwMDAwMDAwMDAsInVwZGF0ZSI6MTIwMDAwMDAwMDAwMH0sInNjaGVtYV92ZXJzaW9uIjoiMSJ9",
          "dependencies": [
            "data.google_compute_network.vpc"
          ]
        }
      ]
    },
    {
      "module": "module.mig[\"users\"]",
      "mode": "managed",
      "type": "google_compute_health_check",
      "name": "http",
      "provider": "provider[\"registry.terraform.io/hashicorp/google\"]",
      "instances": [
        {
          "schema_version": 0,
          "attributes": {
            "check_interval_sec": 5,
            "creation_timestamp": "2026-03-07T23:05:29.218-08:00",
            "description": "",
            "grpc_health_check": [],
            "healthy_threshold": 2,
            "http2_health_check": [],
            "http_health_check": [
              {
                "host": "",
                "port": 8080,
                "port_name": "",
                "port_specification": "",
                "proxy_header": "NONE",
                "request_path": "/",
                "response": ""
              }
            ],
            "https_health_check": [],
            "id": "projects/flooid-488720/global/healthChecks/users-hc",
            "log_config": [
              {
                "enable": false
              }
            ],
            "name": "users-hc",
            "project": "flooid-488720",
            "self_link": "https://www.googleapis.com/compute/v1/projects/flooid-488720/global/healthChecks/users-hc",
            "source_regions": null,
            "ssl_health_check": [],
            "tcp_health_check": [],
            "timeout_sec": 5,
            "timeouts": null,
            "type": "HTTP",
            "unhealthy_threshold": 2
          },
          "sensitive_attributes": [],
          "identity_schema_version": 0,
          "private": "eyJlMmJmYjczMC1lY2FhLTExZTYtOGY4OC0zNDM2M2JjN2M0YzAiOnsiY3JlYXRlIjoxMjAwMDAwMDAwMDAwLCJkZWxldGUiOjEyMDAwMDAwMDAwMDAsInVwZGF0ZSI6MTIwMDAwMDAwMDAwMH19"
        }
      ]
    },
    {
      "module": "module.mig[\"users\"]",
      "mode": "managed",
      "type": "google_compute_instance_template",
      "name": "tpl",
      "provider": "provider[\"registry.terraform.io/hashicorp/google\"]",
      "instances": [
        {
          "schema_version": 1,
          "attributes": {
            "advanced_machine_features": [],
            "can_ip_forward": false,
            "confidential_instance_config": null,
            "description": "",
            "disk": [
              {
                "auto_delete": true,
                "boot": true,
                "device_name": "persistent-disk-0",
                "disk_encryption_key": [],
                "disk_name": "",
                "disk_size_gb": 20,
                "disk_type": "pd-balanced",
                "interface": "SCSI",
                "labels": null,
                "mode": "READ_WRITE",
                "provisioned_iops": 0,
                "resource_manager_tags": null,
                "resource_policies": null,
                "source": "",
                "source_image": "projects/ubuntu-os-cloud/global/images/family/ubuntu-2204-lts",
                "source_image_encryption_key": [],
                "source_snapshot": "",
                "source_snapshot_encryption_key": [],
                "type": "PERSISTENT"
              }
            ],
            "effective_labels": {},
            "guest_accelerator": [],
            "id": "projects/flooid-488720/global/instanceTemplates/users-tpl-20260308070539896900000002",
            "instance_description": "",
            "labels": null,
            "machine_type": "e2-medium",
            "metadata": null,
            "metadata_fingerprint": "BHX_WCVDqL0=",
            "metadata_startup_script": "#!/bin/bash\necho \"booted\" \u003e /tmp/booted.txt\n",
            "min_cpu_platform": "",
            "name": "users-tpl-20260308070539896900000002",
            "name_prefix": "users-tpl-",
            "network_interface": [
              {
                "access_config": [
                  {
                    "nat_ip": "",
                    "network_tier": "PREMIUM",
                    "public_ptr_domain_name": ""
                  }
                ],
                "alias_ip_range": [],
                "internal_ipv6_prefix_length": 0,
                "ipv6_access_config": [],
                "ipv6_access_type": "",
                "ipv6_address": "",
                "name": "nic0",
                "network": "https://www.googleapis.com/compute/v1/projects/flooid-488720/global/networks/default",
                "network_ip": "",
                "nic_type": "",
                "queue_count": 0,
                "stack_type": "",
                "subnetwork": "https://www.googleapis.com/compute/v1/projects/flooid-488720/regions/us-central1/subnetworks/default",
                "subnetwork_project": "flooid-488720"
              }
            ],
            "network_performance_config": [],
            "project": "flooid-488720",
            "region": "us-central1",
            "reservation_affinity": [],
            "resource_manager_tags": null,
            "resource_policies": null,
            "scheduling": [
              {
                "automatic_restart": true,
                "instance_termination_action": "",
                "local_ssd_recovery_timeout": [],
                "max_run_duration": [],
                "min_node_cpus": 0,
                "node_affinities": [],
                "on_host_maintenance": "MIGRATE",
                "on_instance_stop_action": [],
                "preemptible": false,
                "provisioning_model": "STANDARD"
              }
            ],
            "self_link": "https://www.googleapis.com/compute/v1/projects/flooid-488720/global/instanceTemplates/users-tpl-20260308070539896900000002",
            "self_link_unique": "https://www.googleapis.com/compute/v1/projects/flooid-488720/global/instanceTemplates/users-tpl-20260308070539896900000002?uniqueId=5558340519123263788",
            "service_account": [
              {
                "email": "manny-563@flooid-488720.iam.gserviceaccount.com",
                "scopes": [
                  "https://www.googleapis.com/auth/cloud-platform"
                ]
              }
            ],
            "shielded_instance_config": [],
            "tags": [
              "users-tomcat"
            ],
            "tags_fingerprint": "",
            "terraform_labels": {},
            "timeouts": null
          },
          "sensitive_attributes": [],
          "identity_schema_version": 0,
          "private": "eyJlMmJmYjczMC1lY2FhLTExZTYtOGY4OC0zNDM2M2JjN2M0YzAiOnsiY3JlYXRlIjoyNDAwMDAwMDAwMDAsImRlbGV0ZSI6MjQwMDAwMDAwMDAwfSwic2NoZW1hX3ZlcnNpb24iOiIxIn0=",
          "dependencies": [
            "data.google_compute_network.vpc",
            "data.google_compute_subnetwork.subnet"
          ]
        }
      ]
    },
    {
      "module": "module.mig[\"users\"]",
      "mode": "managed",
      "type": "google_compute_region_autoscaler",
      "name": "as",
      "provider": "provider[\"registry.terraform.io/hashicorp/google\"]",
      "instances": [
        {
          "schema_version": 0,
          "attributes": {
            "autoscaling_policy": [
              {
                "cooldown_period": 60,
                "cpu_utilization": [
                  {
                    "predictive_method": "NONE",
                    "target": 0.8
                  }
                ],
                "load_balancing_utilization": [],
                "max_replicas": 2,
                "metric": [],
                "min_replicas": 1,
                "mode": "ON",
                "scale_in_control": [],
                "scaling_schedules": []
              }
            ],
            "creation_timestamp": "2026-03-07T23:07:33.605-08:00",
            "description": "",
            "id": "projects/flooid-488720/regions/us-central1/autoscalers/users-as",
            "name": "users-as",
            "project": "flooid-488720",
            "region": "us-central1",
            "self_link": "https://www.googleapis.com/compute/v1/projects/flooid-488720/regions/us-central1/autoscalers/users-as",
            "target": "https://www.googleapis.com/compute/v1/projects/flooid-488720/regions/us-central1/instanceGroupManagers/users-mig",
            "timeouts": null
          },
          "sensitive_attributes": [],
          "identity_schema_version": 0,
          "private": "eyJlMmJmYjczMC1lY2FhLTExZTYtOGY4OC0zNDM2M2JjN2M0YzAiOnsiY3JlYXRlIjoxMjAwMDAwMDAwMDAwLCJkZWxldGUiOjEyMDAwMDAwMDAwMDAsInVwZGF0ZSI6MTIwMDAwMDAwMDAwMH19",
          "dependencies": [
            "data.google_compute_network.vpc",
            "data.google_compute_subnetwork.subnet",
            "module.mig.google_compute_health_check.http",
            "module.mig.google_compute_instance_template.tpl",
            "module.mig.google_compute_region_instance_group_manager.mig"
          ]
        }
      ]
    },
    {
      "module": "module.mig[\"users\"]",
      "mode": "managed",
      "type": "google_compute_region_instance_group_manager",
      "name": "mig",
      "provider": "provider[\"registry.terraform.io/hashicorp/google\"]",
      "instances": [
        {
          "schema_version": 0,
          "attributes": {
            "all_instances_config": [],
            "auto_healing_policies": [
              {
                "health_check": "https://www.googleapis.com/compute/v1/projects/flooid-488720/global/healthChecks/users-hc",
                "initial_delay_sec": 120
              }
            ],
            "base_instance_name": "users",
            "creation_timestamp": "2026-03-07T23:05:51.942-08:00",
            "description": "",
            "distribution_policy_target_shape": "EVEN",
            "distribution_policy_zones": [
              "us-central1-b",
              "us-central1-c",
              "us-central1-f"
            ],
            "fingerprint": "ZWW4waC4cQE=",
            "id": "projects/flooid-488720/regions/us-central1/instanceGroupManagers/users-mig",
            "instance_group": "https://www.googleapis.com/compute/v1/projects/flooid-488720/regions/us-central1/instanceGroups/users-mig",
            "instance_lifecycle_policy": [
              {
                "default_action_on_failure": "REPAIR",
                "force_update_on_repair": "NO"
              }
            ],
            "list_managed_instances_results": "PAGELESS",
            "name": "users-mig",
            "named_port": [
              {
                "name": "http",
                "port": 8080
              }
            ],
            "project": "flooid-488720",
            "region": "us-central1",
            "self_link": "https://www.googleapis.com/compute/v1/projects/flooid-488720/regions/us-central1/instanceGroupManagers/users-mig",
            "stateful_disk": [],
            "stateful_external_ip": [],
            "stateful_internal_ip": [],
            "status": [
              {
                "all_instances_config": [
                  {
                    "current_revision": "",
                    "effective": true
                  }
                ],
                "is_stable": false,
                "stateful": [
                  {
                    "has_stateful_config": false,
                    "per_instance_configs": [
                      {
                        "all_effective": true
                      }
                    ]
                  }
                ],
                "version_target": [
                  {
                    "is_reached": true
                  }
                ]
              }
            ],
            "target_pools": null,
            "target_size": 1,
            "timeouts": null,
            "update_policy": [
              {
                "instance_redistribution_type": "PROACTIVE",
                "max_surge_fixed": 3,
                "max_surge_percent": 0,
                "max_unavailable_fixed": 3,
                "max_unavailable_percent": 0,
                "minimal_action": "REPLACE",
                "most_disruptive_allowed_action": "",
                "replacement_method": "SUBSTITUTE",
                "type": "OPPORTUNISTIC"
              }
            ],
            "version": [
              {
                "instance_template": "https://www.googleapis.com/compute/v1/projects/flooid-488720/global/instanceTemplates/users-tpl-20260308070539896900000002",
                "name": "",
                "target_size": []
              }
            ],
            "wait_for_instances": false,
            "wait_for_instances_status": "STABLE"
          },
          "sensitive_attributes": [],
          "identity_schema_version": 0,
          "private": "eyJlMmJmYjczMC1lY2FhLTExZTYtOGY4OC0zNDM2M2JjN2M0YzAiOnsiY3JlYXRlIjo5MDAwMDAwMDAwMDAsImRlbGV0ZSI6OTAwMDAwMDAwMDAwLCJ1cGRhdGUiOjkwMDAwMDAwMDAwMH19",
          "dependencies": [
            "data.google_compute_network.vpc",
            "data.google_compute_subnetwork.subnet",
            "module.mig.google_compute_health_check.http",
            "module.mig.google_compute_instance_template.tpl"
          ]
        }
      ]
    }
  ],
  "check_results": null
}
